// !$*UTF8*$!
{
	archiveVersion = 1;
	classes = {
	};
	objectVersion = 46;
	objects = {

/* Begin PBXBuildFile section */
		1AC6FB21180E996B004C840B /* libcocos2d Mac.a in Frameworks */ = {isa = PBXBuildFile; fileRef = 1AC6FAF9180E9839004C840B /* libcocos2d Mac.a */; };
		1AC6FB30180E99EB004C840B /* libcocos2d iOS.a in Frameworks */ = {isa = PBXBuildFile; fileRef = 1AC6FB07180E9839004C840B /* libcocos2d iOS.a */; };
		1D60589F0D05DD5A006BFB54 /* Foundation.framework in Frameworks */ = {isa = PBXBuildFile; fileRef = 1D30AB110D05D00D00671497 /* Foundation.framework */; };
		1DF5F4E00D08C38300B7A737 /* UIKit.framework in Frameworks */ = {isa = PBXBuildFile; fileRef = 1DF5F4DF0D08C38300B7A737 /* UIKit.framework */; };
		288765A50DF7441C002DB57D /* CoreGraphics.framework in Frameworks */ = {isa = PBXBuildFile; fileRef = 288765A40DF7441C002DB57D /* CoreGraphics.framework */; };
		3EACC98F19EE6D4300EB3C5E /* res in Resources */ = {isa = PBXBuildFile; fileRef = 3EACC98E19EE6D4300EB3C5E /* res */; };
		3EACC99019EE6D4300EB3C5E /* res in Resources */ = {isa = PBXBuildFile; fileRef = 3EACC98E19EE6D4300EB3C5E /* res */; };
		46880B8819C43A87006E1F66 /* AppDelegate.cpp in Sources */ = {isa = PBXBuildFile; fileRef = 46880B8419C43A87006E1F66 /* AppDelegate.cpp */; };
		46880B8919C43A87006E1F66 /* AppDelegate.cpp in Sources */ = {isa = PBXBuildFile; fileRef = 46880B8419C43A87006E1F66 /* AppDelegate.cpp */; };
		46880B8A19C43A87006E1F66 /* HelloWorldScene.cpp in Sources */ = {isa = PBXBuildFile; fileRef = 46880B8619C43A87006E1F66 /* HelloWorldScene.cpp */; };
		46880B8B19C43A87006E1F66 /* HelloWorldScene.cpp in Sources */ = {isa = PBXBuildFile; fileRef = 46880B8619C43A87006E1F66 /* HelloWorldScene.cpp */; };
		503AE0F817EB97AB00D1A890 /* Icon.icns in Resources */ = {isa = PBXBuildFile; fileRef = 503AE0F617EB97AB00D1A890 /* Icon.icns */; };
		503AE10017EB989F00D1A890 /* AppController.mm in Sources */ = {isa = PBXBuildFile; fileRef = 503AE0FB17EB989F00D1A890 /* AppController.mm */; };
		503AE10117EB989F00D1A890 /* main.m in Sources */ = {isa = PBXBuildFile; fileRef = 503AE0FC17EB989F00D1A890 /* main.m */; };
		503AE10217EB989F00D1A890 /* RootViewController.mm in Sources */ = {isa = PBXBuildFile; fileRef = 503AE0FF17EB989F00D1A890 /* RootViewController.mm */; };
		503AE10517EB98FF00D1A890 /* main.cpp in Sources */ = {isa = PBXBuildFile; fileRef = 503AE10317EB98FF00D1A890 /* main.cpp */; };
		503AE11B17EB9C5A00D1A890 /* IOKit.framework in Frameworks */ = {isa = PBXBuildFile; fileRef = 503AE11A17EB9C5A00D1A890 /* IOKit.framework */; };
		5087E76317EB910900C73F5D /* Foundation.framework in Frameworks */ = {isa = PBXBuildFile; fileRef = 1D30AB110D05D00D00671497 /* Foundation.framework */; };
		5087E76717EB910900C73F5D /* libz.dylib in Frameworks */ = {isa = PBXBuildFile; fileRef = BF170DB412928DE900B8313A /* libz.dylib */; };
		5087E76817EB910900C73F5D /* QuartzCore.framework in Frameworks */ = {isa = PBXBuildFile; fileRef = BF1C47EA1293683800B63C5D /* QuartzCore.framework */; };
		5087E76917EB910900C73F5D /* OpenAL.framework in Frameworks */ = {isa = PBXBuildFile; fileRef = D44C620B132DFF330009C878 /* OpenAL.framework */; };
		5087E76A17EB910900C73F5D /* AVFoundation.framework in Frameworks */ = {isa = PBXBuildFile; fileRef = D44C620D132DFF430009C878 /* AVFoundation.framework */; };
		5087E76B17EB910900C73F5D /* AudioToolbox.framework in Frameworks */ = {isa = PBXBuildFile; fileRef = D44C620F132DFF4E0009C878 /* AudioToolbox.framework */; };
		5087E77D17EB970100C73F5D /* Default-568h@2x.png in Resources */ = {isa = PBXBuildFile; fileRef = 5087E77217EB970100C73F5D /* Default-568h@2x.png */; };
		5087E77E17EB970100C73F5D /* Default.png in Resources */ = {isa = PBXBuildFile; fileRef = 5087E77317EB970100C73F5D /* Default.png */; };
		5087E77F17EB970100C73F5D /* Default@2x.png in Resources */ = {isa = PBXBuildFile; fileRef = 5087E77417EB970100C73F5D /* Default@2x.png */; };
		5087E78017EB970100C73F5D /* Icon-114.png in Resources */ = {isa = PBXBuildFile; fileRef = 5087E77517EB970100C73F5D /* Icon-114.png */; };
		5087E78117EB970100C73F5D /* Icon-120.png in Resources */ = {isa = PBXBuildFile; fileRef = 5087E77617EB970100C73F5D /* Icon-120.png */; };
		5087E78217EB970100C73F5D /* Icon-144.png in Resources */ = {isa = PBXBuildFile; fileRef = 5087E77717EB970100C73F5D /* Icon-144.png */; };
		5087E78317EB970100C73F5D /* Icon-152.png in Resources */ = {isa = PBXBuildFile; fileRef = 5087E77817EB970100C73F5D /* Icon-152.png */; };
		5087E78417EB970100C73F5D /* Icon-57.png in Resources */ = {isa = PBXBuildFile; fileRef = 5087E77917EB970100C73F5D /* Icon-57.png */; };
		5087E78517EB970100C73F5D /* Icon-72.png in Resources */ = {isa = PBXBuildFile; fileRef = 5087E77A17EB970100C73F5D /* Icon-72.png */; };
		5087E78617EB970100C73F5D /* Icon-76.png in Resources */ = {isa = PBXBuildFile; fileRef = 5087E77B17EB970100C73F5D /* Icon-76.png */; };
		5087E78917EB974C00C73F5D /* AppKit.framework in Frameworks */ = {isa = PBXBuildFile; fileRef = 5087E78817EB974C00C73F5D /* AppKit.framework */; };
		5087E78B17EB975400C73F5D /* OpenGL.framework in Frameworks */ = {isa = PBXBuildFile; fileRef = 5087E78A17EB975400C73F5D /* OpenGL.framework */; };
		50EF629617ECD46A001EB2F8 /* Icon-40.png in Resources */ = {isa = PBXBuildFile; fileRef = 50EF629217ECD46A001EB2F8 /* Icon-40.png */; };
		50EF629717ECD46A001EB2F8 /* Icon-58.png in Resources */ = {isa = PBXBuildFile; fileRef = 50EF629317ECD46A001EB2F8 /* Icon-58.png */; };
		50EF629817ECD46A001EB2F8 /* Icon-80.png in Resources */ = {isa = PBXBuildFile; fileRef = 50EF629417ECD46A001EB2F8 /* Icon-80.png */; };
		50EF629917ECD46A001EB2F8 /* Icon-100.png in Resources */ = {isa = PBXBuildFile; fileRef = 50EF629517ECD46A001EB2F8 /* Icon-100.png */; };
		50EF62A217ECD613001EB2F8 /* Icon-29.png in Resources */ = {isa = PBXBuildFile; fileRef = 50EF62A017ECD613001EB2F8 /* Icon-29.png */; };
		50EF62A317ECD613001EB2F8 /* Icon-50.png in Resources */ = {isa = PBXBuildFile; fileRef = 50EF62A117ECD613001EB2F8 /* Icon-50.png */; };
		521A8E6419F0C34300D177D7 /* Default-667h@2x.png in Resources */ = {isa = PBXBuildFile; fileRef = 521A8E6219F0C34300D177D7 /* Default-667h@2x.png */; };
		521A8E6519F0C34300D177D7 /* Default-736h@3x.png in Resources */ = {isa = PBXBuildFile; fileRef = 521A8E6319F0C34300D177D7 /* Default-736h@3x.png */; };
		521A8EA919F11F5000D177D7 /* fonts in Resources */ = {isa = PBXBuildFile; fileRef = 521A8EA819F11F5000D177D7 /* fonts */; };
		521A8EAA19F11F5000D177D7 /* fonts in Resources */ = {isa = PBXBuildFile; fileRef = 521A8EA819F11F5000D177D7 /* fonts */; };
		52B47A471A53D09C004E4C60 /* Security.framework in Frameworks */ = {isa = PBXBuildFile; fileRef = 52B47A461A53D09B004E4C60 /* Security.framework */; };
		8262943E1AAF051F00CB7CF7 /* Security.framework in Frameworks */ = {isa = PBXBuildFile; fileRef = 8262943D1AAF051F00CB7CF7 /* Security.framework */; };
		BF171245129291EC00B8313A /* OpenGLES.framework in Frameworks */ = {isa = PBXBuildFile; fileRef = BF170DB012928DE900B8313A /* OpenGLES.framework */; };
		BF1712471292920000B8313A /* libz.dylib in Frameworks */ = {isa = PBXBuildFile; fileRef = BF170DB412928DE900B8313A /* libz.dylib */; };
		BF1C47F01293687400B63C5D /* QuartzCore.framework in Frameworks */ = {isa = PBXBuildFile; fileRef = BF1C47EA1293683800B63C5D /* QuartzCore.framework */; };
		D44C620C132DFF330009C878 /* OpenAL.framework in Frameworks */ = {isa = PBXBuildFile; fileRef = D44C620B132DFF330009C878 /* OpenAL.framework */; };
		D44C620E132DFF430009C878 /* AVFoundation.framework in Frameworks */ = {isa = PBXBuildFile; fileRef = D44C620D132DFF430009C878 /* AVFoundation.framework */; };
		D44C6210132DFF4E0009C878 /* AudioToolbox.framework in Frameworks */ = {isa = PBXBuildFile; fileRef = D44C620F132DFF4E0009C878 /* AudioToolbox.framework */; };
		D6B0611B1803AB670077942B /* CoreMotion.framework in Frameworks */ = {isa = PBXBuildFile; fileRef = D6B0611A1803AB670077942B /* CoreMotion.framework */; };
		F1297DA41ADCB2E2006028DA /* Weapon.cpp in Sources */ = {isa = PBXBuildFile; fileRef = F1297D9E1ADCB2E2006028DA /* Weapon.cpp */; };
		F1297DA51ADCB2E2006028DA /* Pistol.cpp in Sources */ = {isa = PBXBuildFile; fileRef = F1297DA01ADCB2E2006028DA /* Pistol.cpp */; };
		F1297DA61ADCB2E2006028DA /* Knife.cpp in Sources */ = {isa = PBXBuildFile; fileRef = F1297DA21ADCB2E2006028DA /* Knife.cpp */; };
		F1297DC21ADCB2EF006028DA /* MoveState.cpp in Sources */ = {isa = PBXBuildFile; fileRef = F1297DA91ADCB2EF006028DA /* MoveState.cpp */; };
		F1297DC31ADCB2EF006028DA /* StandState.cpp in Sources */ = {isa = PBXBuildFile; fileRef = F1297DAB1ADCB2EF006028DA /* StandState.cpp */; };
		F1297DC41ADCB2EF006028DA /* AttackState.cpp in Sources */ = {isa = PBXBuildFile; fileRef = F1297DAD1ADCB2EF006028DA /* AttackState.cpp */; };
		F1297DC51ADCB2EF006028DA /* FallDownState.cpp in Sources */ = {isa = PBXBuildFile; fileRef = F1297DAF1ADCB2EF006028DA /* FallDownState.cpp */; };
		F1297DC61ADCB2EF006028DA /* DizzyState.cpp in Sources */ = {isa = PBXBuildFile; fileRef = F1297DB11ADCB2EF006028DA /* DizzyState.cpp */; };
		F1297DC71ADCB2EF006028DA /* InjureState.cpp in Sources */ = {isa = PBXBuildFile; fileRef = F1297DB31ADCB2EF006028DA /* InjureState.cpp */; };
		F1297DC81ADCB2EF006028DA /* StandUpState.cpp in Sources */ = {isa = PBXBuildFile; fileRef = F1297DB51ADCB2EF006028DA /* StandUpState.cpp */; };
		F1297DC91ADCB2EF006028DA /* StiffState.cpp in Sources */ = {isa = PBXBuildFile; fileRef = F1297DB71ADCB2EF006028DA /* StiffState.cpp */; };
		F1297DCA1ADCB2EF006028DA /* RollBackState.cpp in Sources */ = {isa = PBXBuildFile; fileRef = F1297DB91ADCB2EF006028DA /* RollBackState.cpp */; };
		F1297DCB1ADCB2EF006028DA /* DieState.cpp in Sources */ = {isa = PBXBuildFile; fileRef = F1297DBB1ADCB2EF006028DA /* DieState.cpp */; };
		F1297DCC1ADCB2EF006028DA /* LieDownState.cpp in Sources */ = {isa = PBXBuildFile; fileRef = F1297DBD1ADCB2EF006028DA /* LieDownState.cpp */; };
		F1297DCD1ADCB2EF006028DA /* FlowState.cpp in Sources */ = {isa = PBXBuildFile; fileRef = F1297DC01ADCB2EF006028DA /* FlowState.cpp */; };
		F1297DDA1ADCB2FF006028DA /* GameEntity.cpp in Sources */ = {isa = PBXBuildFile; fileRef = F1297DCE1ADCB2FF006028DA /* GameEntity.cpp */; };
		F1297DDB1ADCB2FF006028DA /* BGTWall.cpp in Sources */ = {isa = PBXBuildFile; fileRef = F1297DD01ADCB2FF006028DA /* BGTWall.cpp */; };
		F1297DDC1ADCB2FF006028DA /* Character.cpp in Sources */ = {isa = PBXBuildFile; fileRef = F1297DD21ADCB2FF006028DA /* Character.cpp */; };
		F1297DDD1ADCB2FF006028DA /* GameEntityManager.cpp in Sources */ = {isa = PBXBuildFile; fileRef = F1297DD41ADCB2FF006028DA /* GameEntityManager.cpp */; };
		F1297DDE1ADCB2FF006028DA /* MessageDispatcher.cpp in Sources */ = {isa = PBXBuildFile; fileRef = F1297DD61ADCB2FF006028DA /* MessageDispatcher.cpp */; };
		F1297DDF1ADCB2FF006028DA /* Enemy.cpp in Sources */ = {isa = PBXBuildFile; fileRef = F1297DD81ADCB2FF006028DA /* Enemy.cpp */; };
		F1297DE51ADCB312006028DA /* UserData.cpp in Sources */ = {isa = PBXBuildFile; fileRef = F1297DE11ADCB312006028DA /* UserData.cpp */; };
		F1297DE61ADCB312006028DA /* GameManager.cpp in Sources */ = {isa = PBXBuildFile; fileRef = F1297DE31ADCB312006028DA /* GameManager.cpp */; };
		F1297DEC1ADCB370006028DA /* UILayer.cpp in Sources */ = {isa = PBXBuildFile; fileRef = F1297DE81ADCB370006028DA /* UILayer.cpp */; };
		F1297DED1ADCB370006028DA /* BGTWorld.cpp in Sources */ = {isa = PBXBuildFile; fileRef = F1297DEA1ADCB370006028DA /* BGTWorld.cpp */; };
		F1297DFB1ADCB37F006028DA /* BGTTile.cpp in Sources */ = {isa = PBXBuildFile; fileRef = F1297DEF1ADCB37F006028DA /* BGTTile.cpp */; };
		F1297DFC1ADCB37F006028DA /* BGTMap.cpp in Sources */ = {isa = PBXBuildFile; fileRef = F1297DF11ADCB37F006028DA /* BGTMap.cpp */; };
		F1297DFD1ADCB37F006028DA /* WaveManager.cpp in Sources */ = {isa = PBXBuildFile; fileRef = F1297DF31ADCB37F006028DA /* WaveManager.cpp */; };
		F1297DFE1ADCB37F006028DA /* Wave.cpp in Sources */ = {isa = PBXBuildFile; fileRef = F1297DF51ADCB37F006028DA /* Wave.cpp */; };
		F1297DFF1ADCB37F006028DA /* Troop.cpp in Sources */ = {isa = PBXBuildFile; fileRef = F1297DF71ADCB37F006028DA /* Troop.cpp */; };
		F1297E001ADCB37F006028DA /* Unit.cpp in Sources */ = {isa = PBXBuildFile; fileRef = F1297DF91ADCB37F006028DA /* Unit.cpp */; };
		F1297E081ADCB3E9006028DA /* LoadScene.cpp in Sources */ = {isa = PBXBuildFile; fileRef = F1297E021ADCB3E9006028DA /* LoadScene.cpp */; };
		F1297E091ADCB3E9006028DA /* MenuScene.cpp in Sources */ = {isa = PBXBuildFile; fileRef = F1297E041ADCB3E9006028DA /* MenuScene.cpp */; };
		F1297E0A1ADCB3E9006028DA /* GameScene.cpp in Sources */ = {isa = PBXBuildFile; fileRef = F1297E061ADCB3E9006028DA /* GameScene.cpp */; };
		F1297E101ADCB4EF006028DA /* resHD in Resources */ = {isa = PBXBuildFile; fileRef = F1297E0D1ADCB4EF006028DA /* resHD */; };
		F1297E111ADCB4EF006028DA /* resIpad in Resources */ = {isa = PBXBuildFile; fileRef = F1297E0E1ADCB4EF006028DA /* resIpad */; };
		F1297E121ADCB4EF006028DA /* resIpadHD in Resources */ = {isa = PBXBuildFile; fileRef = F1297E0F1ADCB4EF006028DA /* resIpadHD */; };
		F1297E4A1ADCB52F006028DA /* PIC_XX.png in Resources */ = {isa = PBXBuildFile; fileRef = F1297E131ADCB52F006028DA /* PIC_XX.png */; };
		F1297E4B1ADCB52F006028DA /* bgm_1.mp3 in Resources */ = {isa = PBXBuildFile; fileRef = F1297E151ADCB52F006028DA /* bgm_1.mp3 */; };
		F1297E4C1ADCB52F006028DA /* bgm_2.mp3 in Resources */ = {isa = PBXBuildFile; fileRef = F1297E161ADCB52F006028DA /* bgm_2.mp3 */; };
		F1297E4D1ADCB52F006028DA /* bgm_3.mp3 in Resources */ = {isa = PBXBuildFile; fileRef = F1297E171ADCB52F006028DA /* bgm_3.mp3 */; };
		F1297E4E1ADCB52F006028DA /* boss1_daduan1.mp3 in Resources */ = {isa = PBXBuildFile; fileRef = F1297E181ADCB52F006028DA /* boss1_daduan1.mp3 */; };
		F1297E4F1ADCB52F006028DA /* boss1_daduan2.mp3 in Resources */ = {isa = PBXBuildFile; fileRef = F1297E191ADCB52F006028DA /* boss1_daduan2.mp3 */; };
		F1297E501ADCB52F006028DA /* boss1_dead.mp3 in Resources */ = {isa = PBXBuildFile; fileRef = F1297E1A1ADCB52F006028DA /* boss1_dead.mp3 */; };
		F1297E511ADCB52F006028DA /* boss1_fs.mp3 in Resources */ = {isa = PBXBuildFile; fileRef = F1297E1B1ADCB52F006028DA /* boss1_fs.mp3 */; };
		F1297E521ADCB52F006028DA /* boss1_fssw.mp3 in Resources */ = {isa = PBXBuildFile; fileRef = F1297E1C1ADCB52F006028DA /* boss1_fssw.mp3 */; };
		F1297E531ADCB52F006028DA /* boss1_sy.mp3 in Resources */ = {isa = PBXBuildFile; fileRef = F1297E1D1ADCB52F006028DA /* boss1_sy.mp3 */; };
		F1297E541ADCB52F006028DA /* boss1_xx.mp3 in Resources */ = {isa = PBXBuildFile; fileRef = F1297E1E1ADCB52F006028DA /* boss1_xx.mp3 */; };
		F1297E551ADCB52F006028DA /* boss1_zhuazigj.mp3 in Resources */ = {isa = PBXBuildFile; fileRef = F1297E1F1ADCB52F006028DA /* boss1_zhuazigj.mp3 */; };
		F1297E561ADCB52F006028DA /* boss1_zhuazixl.mp3 in Resources */ = {isa = PBXBuildFile; fileRef = F1297E201ADCB52F006028DA /* boss1_zhuazixl.mp3 */; };
		F1297E571ADCB52F006028DA /* boss2_daduan.mp3 in Resources */ = {isa = PBXBuildFile; fileRef = F1297E211ADCB52F006028DA /* boss2_daduan.mp3 */; };
		F1297E581ADCB52F006028DA /* boss2_dead.mp3 in Resources */ = {isa = PBXBuildFile; fileRef = F1297E221ADCB52F006028DA /* boss2_dead.mp3 */; };
		F1297E591ADCB52F006028DA /* boss2_huo.mp3 in Resources */ = {isa = PBXBuildFile; fileRef = F1297E231ADCB52F006028DA /* boss2_huo.mp3 */; };
		F1297E5A1ADCB52F006028DA /* boss2_xuli.mp3 in Resources */ = {isa = PBXBuildFile; fileRef = F1297E241ADCB52F006028DA /* boss2_xuli.mp3 */; };
		F1297E5B1ADCB52F006028DA /* boss2_zhuazigj.mp3 in Resources */ = {isa = PBXBuildFile; fileRef = F1297E251ADCB52F006028DA /* boss2_zhuazigj.mp3 */; };
		F1297E5C1ADCB52F006028DA /* button.mp3 in Resources */ = {isa = PBXBuildFile; fileRef = F1297E261ADCB52F006028DA /* button.mp3 */; };
		F1297E5D1ADCB52F006028DA /* cg_gd1.mp3 in Resources */ = {isa = PBXBuildFile; fileRef = F1297E271ADCB52F006028DA /* cg_gd1.mp3 */; };
		F1297E5E1ADCB52F006028DA /* cg_gd2.mp3 in Resources */ = {isa = PBXBuildFile; fileRef = F1297E281ADCB52F006028DA /* cg_gd2.mp3 */; };
		F1297E5F1ADCB52F006028DA /* d_bz.mp3 in Resources */ = {isa = PBXBuildFile; fileRef = F1297E291ADCB52F006028DA /* d_bz.mp3 */; };
		F1297E601ADCB52F006028DA /* d_cg.mp3 in Resources */ = {isa = PBXBuildFile; fileRef = F1297E2A1ADCB52F006028DA /* d_cg.mp3 */; };
		F1297E611ADCB52F006028DA /* d_hq.mp3 in Resources */ = {isa = PBXBuildFile; fileRef = F1297E2B1ADCB52F006028DA /* d_hq.mp3 */; };
		F1297E621ADCB52F006028DA /* d_hs.mp3 in Resources */ = {isa = PBXBuildFile; fileRef = F1297E2C1ADCB52F006028DA /* d_hs.mp3 */; };
		F1297E631ADCB52F006028DA /* d_js.mp3 in Resources */ = {isa = PBXBuildFile; fileRef = F1297E2D1ADCB52F006028DA /* d_js.mp3 */; };
		F1297E641ADCB52F006028DA /* d_ng.mp3 in Resources */ = {isa = PBXBuildFile; fileRef = F1297E2E1ADCB52F006028DA /* d_ng.mp3 */; };
		F1297E651ADCB52F006028DA /* dao_1.mp3 in Resources */ = {isa = PBXBuildFile; fileRef = F1297E2F1ADCB52F006028DA /* dao_1.mp3 */; };
		F1297E661ADCB52F006028DA /* dao_2.mp3 in Resources */ = {isa = PBXBuildFile; fileRef = F1297E301ADCB52F006028DA /* dao_2.mp3 */; };
		F1297E671ADCB52F006028DA /* dj.mp3 in Resources */ = {isa = PBXBuildFile; fileRef = F1297E311ADCB52F006028DA /* dj.mp3 */; };
		F1297E681ADCB52F006028DA /* door0.mp3 in Resources */ = {isa = PBXBuildFile; fileRef = F1297E321ADCB52F006028DA /* door0.mp3 */; };
		F1297E691ADCB52F006028DA /* door1.mp3 in Resources */ = {isa = PBXBuildFile; fileRef = F1297E331ADCB52F006028DA /* door1.mp3 */; };
		F1297E6A1ADCB52F006028DA /* door_1.mp3 in Resources */ = {isa = PBXBuildFile; fileRef = F1297E341ADCB52F006028DA /* door_1.mp3 */; };
		F1297E6B1ADCB52F006028DA /* door_2.mp3 in Resources */ = {isa = PBXBuildFile; fileRef = F1297E351ADCB52F006028DA /* door_2.mp3 */; };
		F1297E6C1ADCB52F006028DA /* dybz.mp3 in Resources */ = {isa = PBXBuildFile; fileRef = F1297E361ADCB52F006028DA /* dybz.mp3 */; };
		F1297E6D1ADCB52F006028DA /* dyempty.mp3 in Resources */ = {isa = PBXBuildFile; fileRef = F1297E371ADCB52F006028DA /* dyempty.mp3 */; };
		F1297E6E1ADCB52F006028DA /* fireball.mp3 in Resources */ = {isa = PBXBuildFile; fileRef = F1297E381ADCB52F006028DA /* fireball.mp3 */; };
		F1297E6F1ADCB52F006028DA /* game_fail.mp3 in Resources */ = {isa = PBXBuildFile; fileRef = F1297E391ADCB52F006028DA /* game_fail.mp3 */; };
		F1297E701ADCB52F006028DA /* game_win.mp3 in Resources */ = {isa = PBXBuildFile; fileRef = F1297E3A1ADCB52F006028DA /* game_win.mp3 */; };
		F1297E711ADCB52F006028DA /* gold.mp3 in Resources */ = {isa = PBXBuildFile; fileRef = F1297E3B1ADCB52F006028DA /* gold.mp3 */; };
		F1297E721ADCB52F006028DA /* hjt.mp3 in Resources */ = {isa = PBXBuildFile; fileRef = F1297E3C1ADCB52F006028DA /* hjt.mp3 */; };
		F1297E731ADCB52F006028DA /* huoqiu.mp3 in Resources */ = {isa = PBXBuildFile; fileRef = F1297E3D1ADCB52F006028DA /* huoqiu.mp3 */; };
		F1297E741ADCB52F006028DA /* item.mp3 in Resources */ = {isa = PBXBuildFile; fileRef = F1297E3E1ADCB52F006028DA /* item.mp3 */; };
		F1297E751ADCB52F006028DA /* jq.mp3 in Resources */ = {isa = PBXBuildFile; fileRef = F1297E3F1ADCB52F006028DA /* jq.mp3 */; };
		F1297E761ADCB52F006028DA /* reload.mp3 in Resources */ = {isa = PBXBuildFile; fileRef = F1297E401ADCB52F006028DA /* reload.mp3 */; };
		F1297E771ADCB52F006028DA /* sdq.mp3 in Resources */ = {isa = PBXBuildFile; fileRef = F1297E411ADCB52F006028DA /* sdq.mp3 */; };
		F1297E781ADCB52F006028DA /* sq.mp3 in Resources */ = {isa = PBXBuildFile; fileRef = F1297E421ADCB52F006028DA /* sq.mp3 */; };
		F1297E791ADCB52F006028DA /* touch1.mp3 in Resources */ = {isa = PBXBuildFile; fileRef = F1297E431ADCB52F006028DA /* touch1.mp3 */; };
		F1297E7A1ADCB52F006028DA /* uibgm.mp3 in Resources */ = {isa = PBXBuildFile; fileRef = F1297E441ADCB52F006028DA /* uibgm.mp3 */; };
		F1297E7B1ADCB52F006028DA /* wpupgrade.mp3 in Resources */ = {isa = PBXBuildFile; fileRef = F1297E451ADCB52F006028DA /* wpupgrade.mp3 */; };
		F1297E7C1ADCB52F006028DA /* skeleton.json in Resources */ = {isa = PBXBuildFile; fileRef = F1297E471ADCB52F006028DA /* skeleton.json */; };
		F1297E7D1ADCB52F006028DA /* smallzombie.json in Resources */ = {isa = PBXBuildFile; fileRef = F1297E481ADCB52F006028DA /* smallzombie.json */; };
		F1297E7E1ADCB52F006028DA /* steak.png in Resources */ = {isa = PBXBuildFile; fileRef = F1297E491ADCB52F006028DA /* steak.png */; };
/* End PBXBuildFile section */

/* Begin PBXContainerItemProxy section */
		1AC6FAF8180E9839004C840B /* PBXContainerItemProxy */ = {
			isa = PBXContainerItemProxy;
			containerPortal = 1AC6FAE5180E9839004C840B /* cocos2d_libs.xcodeproj */;
			proxyType = 2;
			remoteGlobalIDString = 1551A33F158F2AB200E66CFE;
			remoteInfo = "cocos2dx Mac";
		};
		1AC6FB06180E9839004C840B /* PBXContainerItemProxy */ = {
			isa = PBXContainerItemProxy;
			containerPortal = 1AC6FAE5180E9839004C840B /* cocos2d_libs.xcodeproj */;
			proxyType = 2;
			remoteGlobalIDString = A07A4D641783777C0073F6A7;
			remoteInfo = "cocos2dx iOS";
		};
		1AC6FB15180E9959004C840B /* PBXContainerItemProxy */ = {
			isa = PBXContainerItemProxy;
			containerPortal = 1AC6FAE5180E9839004C840B /* cocos2d_libs.xcodeproj */;
			proxyType = 1;
			remoteGlobalIDString = 1551A33E158F2AB200E66CFE;
			remoteInfo = "cocos2dx Mac";
		};
		1AC6FB24180E99E1004C840B /* PBXContainerItemProxy */ = {
			isa = PBXContainerItemProxy;
			containerPortal = 1AC6FAE5180E9839004C840B /* cocos2d_libs.xcodeproj */;
			proxyType = 1;
			remoteGlobalIDString = A07A4C241783777C0073F6A7;
			remoteInfo = "cocos2dx iOS";
		};
/* End PBXContainerItemProxy section */

/* Begin PBXFileReference section */
		1AC6FAE5180E9839004C840B /* cocos2d_libs.xcodeproj */ = {isa = PBXFileReference; lastKnownFileType = "wrapper.pb-project"; name = cocos2d_libs.xcodeproj; path = ../cocos2d/build/cocos2d_libs.xcodeproj; sourceTree = "<group>"; };
		1ACB3243164770DE00914215 /* libcurl.a */ = {isa = PBXFileReference; lastKnownFileType = archive.ar; name = libcurl.a; path = ../../cocos2dx/platform/third_party/ios/libraries/libcurl.a; sourceTree = "<group>"; };
		1D30AB110D05D00D00671497 /* Foundation.framework */ = {isa = PBXFileReference; lastKnownFileType = wrapper.framework; name = Foundation.framework; path = System/Library/Frameworks/Foundation.framework; sourceTree = SDKROOT; };
		1D6058910D05DD3D006BFB54 /* Monster iOS.app */ = {isa = PBXFileReference; explicitFileType = wrapper.application; includeInIndex = 0; path = "Monster iOS.app"; sourceTree = BUILT_PRODUCTS_DIR; };
		1DF5F4DF0D08C38300B7A737 /* UIKit.framework */ = {isa = PBXFileReference; lastKnownFileType = wrapper.framework; name = UIKit.framework; path = System/Library/Frameworks/UIKit.framework; sourceTree = SDKROOT; };
		288765A40DF7441C002DB57D /* CoreGraphics.framework */ = {isa = PBXFileReference; lastKnownFileType = wrapper.framework; name = CoreGraphics.framework; path = System/Library/Frameworks/CoreGraphics.framework; sourceTree = SDKROOT; };
		3EACC98E19EE6D4300EB3C5E /* res */ = {isa = PBXFileReference; lastKnownFileType = folder; path = res; sourceTree = "<group>"; };
		46880B8419C43A87006E1F66 /* AppDelegate.cpp */ = {isa = PBXFileReference; fileEncoding = 4; lastKnownFileType = sourcecode.cpp.cpp; path = AppDelegate.cpp; sourceTree = "<group>"; };
		46880B8519C43A87006E1F66 /* AppDelegate.h */ = {isa = PBXFileReference; fileEncoding = 4; lastKnownFileType = sourcecode.c.h; path = AppDelegate.h; sourceTree = "<group>"; };
		46880B8619C43A87006E1F66 /* HelloWorldScene.cpp */ = {isa = PBXFileReference; fileEncoding = 4; lastKnownFileType = sourcecode.cpp.cpp; path = HelloWorldScene.cpp; sourceTree = "<group>"; };
		46880B8719C43A87006E1F66 /* HelloWorldScene.h */ = {isa = PBXFileReference; fileEncoding = 4; lastKnownFileType = sourcecode.c.h; path = HelloWorldScene.h; sourceTree = "<group>"; };
		503AE0F617EB97AB00D1A890 /* Icon.icns */ = {isa = PBXFileReference; lastKnownFileType = image.icns; path = Icon.icns; sourceTree = "<group>"; };
		503AE0F717EB97AB00D1A890 /* Info.plist */ = {isa = PBXFileReference; fileEncoding = 4; lastKnownFileType = text.plist.xml; path = Info.plist; sourceTree = "<group>"; };
		503AE0FA17EB989F00D1A890 /* AppController.h */ = {isa = PBXFileReference; fileEncoding = 4; lastKnownFileType = sourcecode.c.h; name = AppController.h; path = ios/AppController.h; sourceTree = SOURCE_ROOT; };
		503AE0FB17EB989F00D1A890 /* AppController.mm */ = {isa = PBXFileReference; fileEncoding = 4; lastKnownFileType = sourcecode.cpp.objcpp; name = AppController.mm; path = ios/AppController.mm; sourceTree = SOURCE_ROOT; };
		503AE0FC17EB989F00D1A890 /* main.m */ = {isa = PBXFileReference; fileEncoding = 4; lastKnownFileType = sourcecode.c.objc; name = main.m; path = ios/main.m; sourceTree = SOURCE_ROOT; };
		503AE0FD17EB989F00D1A890 /* Prefix.pch */ = {isa = PBXFileReference; fileEncoding = 4; lastKnownFileType = sourcecode.c.h; name = Prefix.pch; path = ios/Prefix.pch; sourceTree = SOURCE_ROOT; };
		503AE0FE17EB989F00D1A890 /* RootViewController.h */ = {isa = PBXFileReference; fileEncoding = 4; lastKnownFileType = sourcecode.c.h; name = RootViewController.h; path = ios/RootViewController.h; sourceTree = SOURCE_ROOT; };
		503AE0FF17EB989F00D1A890 /* RootViewController.mm */ = {isa = PBXFileReference; fileEncoding = 4; lastKnownFileType = sourcecode.cpp.objcpp; name = RootViewController.mm; path = ios/RootViewController.mm; sourceTree = SOURCE_ROOT; };
		503AE10317EB98FF00D1A890 /* main.cpp */ = {isa = PBXFileReference; fileEncoding = 4; lastKnownFileType = sourcecode.cpp.cpp; name = main.cpp; path = mac/main.cpp; sourceTree = "<group>"; };
		503AE10417EB98FF00D1A890 /* Prefix.pch */ = {isa = PBXFileReference; fileEncoding = 4; lastKnownFileType = sourcecode.c.h; name = Prefix.pch; path = mac/Prefix.pch; sourceTree = "<group>"; };
		503AE11117EB99EE00D1A890 /* libcurl.dylib */ = {isa = PBXFileReference; lastKnownFileType = "compiled.mach-o.dylib"; name = libcurl.dylib; path = usr/lib/libcurl.dylib; sourceTree = SDKROOT; };
		503AE11A17EB9C5A00D1A890 /* IOKit.framework */ = {isa = PBXFileReference; lastKnownFileType = wrapper.framework; name = IOKit.framework; path = System/Library/Frameworks/IOKit.framework; sourceTree = SDKROOT; };
		5087E76F17EB910900C73F5D /* Monster Mac.app */ = {isa = PBXFileReference; explicitFileType = wrapper.application; includeInIndex = 0; path = "Monster Mac.app"; sourceTree = BUILT_PRODUCTS_DIR; };
		5087E77217EB970100C73F5D /* Default-568h@2x.png */ = {isa = PBXFileReference; lastKnownFileType = image.png; path = "Default-568h@2x.png"; sourceTree = "<group>"; };
		5087E77317EB970100C73F5D /* Default.png */ = {isa = PBXFileReference; lastKnownFileType = image.png; path = Default.png; sourceTree = "<group>"; };
		5087E77417EB970100C73F5D /* Default@2x.png */ = {isa = PBXFileReference; lastKnownFileType = image.png; path = "Default@2x.png"; sourceTree = "<group>"; };
		5087E77517EB970100C73F5D /* Icon-114.png */ = {isa = PBXFileReference; lastKnownFileType = image.png; path = "Icon-114.png"; sourceTree = "<group>"; };
		5087E77617EB970100C73F5D /* Icon-120.png */ = {isa = PBXFileReference; lastKnownFileType = image.png; path = "Icon-120.png"; sourceTree = "<group>"; };
		5087E77717EB970100C73F5D /* Icon-144.png */ = {isa = PBXFileReference; lastKnownFileType = image.png; path = "Icon-144.png"; sourceTree = "<group>"; };
		5087E77817EB970100C73F5D /* Icon-152.png */ = {isa = PBXFileReference; lastKnownFileType = image.png; path = "Icon-152.png"; sourceTree = "<group>"; };
		5087E77917EB970100C73F5D /* Icon-57.png */ = {isa = PBXFileReference; lastKnownFileType = image.png; path = "Icon-57.png"; sourceTree = "<group>"; };
		5087E77A17EB970100C73F5D /* Icon-72.png */ = {isa = PBXFileReference; lastKnownFileType = image.png; path = "Icon-72.png"; sourceTree = "<group>"; };
		5087E77B17EB970100C73F5D /* Icon-76.png */ = {isa = PBXFileReference; lastKnownFileType = image.png; path = "Icon-76.png"; sourceTree = "<group>"; };
		5087E77C17EB970100C73F5D /* Info.plist */ = {isa = PBXFileReference; fileEncoding = 4; lastKnownFileType = text.plist.xml; path = Info.plist; sourceTree = "<group>"; };
		5087E78817EB974C00C73F5D /* AppKit.framework */ = {isa = PBXFileReference; lastKnownFileType = wrapper.framework; name = AppKit.framework; path = System/Library/Frameworks/AppKit.framework; sourceTree = SDKROOT; };
		5087E78A17EB975400C73F5D /* OpenGL.framework */ = {isa = PBXFileReference; lastKnownFileType = wrapper.framework; name = OpenGL.framework; path = System/Library/Frameworks/OpenGL.framework; sourceTree = SDKROOT; };
		50EF629217ECD46A001EB2F8 /* Icon-40.png */ = {isa = PBXFileReference; lastKnownFileType = image.png; path = "Icon-40.png"; sourceTree = "<group>"; };
		50EF629317ECD46A001EB2F8 /* Icon-58.png */ = {isa = PBXFileReference; lastKnownFileType = image.png; path = "Icon-58.png"; sourceTree = "<group>"; };
		50EF629417ECD46A001EB2F8 /* Icon-80.png */ = {isa = PBXFileReference; lastKnownFileType = image.png; path = "Icon-80.png"; sourceTree = "<group>"; };
		50EF629517ECD46A001EB2F8 /* Icon-100.png */ = {isa = PBXFileReference; lastKnownFileType = image.png; path = "Icon-100.png"; sourceTree = "<group>"; };
		50EF62A017ECD613001EB2F8 /* Icon-29.png */ = {isa = PBXFileReference; lastKnownFileType = image.png; path = "Icon-29.png"; sourceTree = "<group>"; };
		50EF62A117ECD613001EB2F8 /* Icon-50.png */ = {isa = PBXFileReference; lastKnownFileType = image.png; path = "Icon-50.png"; sourceTree = "<group>"; };
		521A8E6219F0C34300D177D7 /* Default-667h@2x.png */ = {isa = PBXFileReference; lastKnownFileType = image.png; path = "Default-667h@2x.png"; sourceTree = "<group>"; };
		521A8E6319F0C34300D177D7 /* Default-736h@3x.png */ = {isa = PBXFileReference; lastKnownFileType = image.png; path = "Default-736h@3x.png"; sourceTree = "<group>"; };
		521A8EA819F11F5000D177D7 /* fonts */ = {isa = PBXFileReference; lastKnownFileType = folder; path = fonts; sourceTree = "<group>"; };
		52B47A461A53D09B004E4C60 /* Security.framework */ = {isa = PBXFileReference; lastKnownFileType = wrapper.framework; name = Security.framework; path = Platforms/iPhoneOS.platform/Developer/SDKs/iPhoneOS8.1.sdk/System/Library/Frameworks/Security.framework; sourceTree = DEVELOPER_DIR; };
		8262943D1AAF051F00CB7CF7 /* Security.framework */ = {isa = PBXFileReference; lastKnownFileType = wrapper.framework; name = Security.framework; path = System/Library/Frameworks/Security.framework; sourceTree = SDKROOT; };
		BF170DB012928DE900B8313A /* OpenGLES.framework */ = {isa = PBXFileReference; lastKnownFileType = wrapper.framework; name = OpenGLES.framework; path = System/Library/Frameworks/OpenGLES.framework; sourceTree = SDKROOT; };
		BF170DB412928DE900B8313A /* libz.dylib */ = {isa = PBXFileReference; lastKnownFileType = "compiled.mach-o.dylib"; name = libz.dylib; path = usr/lib/libz.dylib; sourceTree = SDKROOT; };
		BF1C47EA1293683800B63C5D /* QuartzCore.framework */ = {isa = PBXFileReference; lastKnownFileType = wrapper.framework; name = QuartzCore.framework; path = System/Library/Frameworks/QuartzCore.framework; sourceTree = SDKROOT; };
		D44C620B132DFF330009C878 /* OpenAL.framework */ = {isa = PBXFileReference; lastKnownFileType = wrapper.framework; name = OpenAL.framework; path = System/Library/Frameworks/OpenAL.framework; sourceTree = SDKROOT; };
		D44C620D132DFF430009C878 /* AVFoundation.framework */ = {isa = PBXFileReference; lastKnownFileType = wrapper.framework; name = AVFoundation.framework; path = System/Library/Frameworks/AVFoundation.framework; sourceTree = SDKROOT; };
		D44C620F132DFF4E0009C878 /* AudioToolbox.framework */ = {isa = PBXFileReference; lastKnownFileType = wrapper.framework; name = AudioToolbox.framework; path = System/Library/Frameworks/AudioToolbox.framework; sourceTree = SDKROOT; };
		D6B0611A1803AB670077942B /* CoreMotion.framework */ = {isa = PBXFileReference; lastKnownFileType = wrapper.framework; name = CoreMotion.framework; path = Platforms/iPhoneOS.platform/Developer/SDKs/iPhoneOS7.0.sdk/System/Library/Frameworks/CoreMotion.framework; sourceTree = DEVELOPER_DIR; };
		F1297D9E1ADCB2E2006028DA /* Weapon.cpp */ = {isa = PBXFileReference; fileEncoding = 4; lastKnownFileType = sourcecode.cpp.cpp; path = Weapon.cpp; sourceTree = "<group>"; };
		F1297D9F1ADCB2E2006028DA /* Weapon.h */ = {isa = PBXFileReference; fileEncoding = 4; lastKnownFileType = sourcecode.c.h; path = Weapon.h; sourceTree = "<group>"; };
		F1297DA01ADCB2E2006028DA /* Pistol.cpp */ = {isa = PBXFileReference; fileEncoding = 4; lastKnownFileType = sourcecode.cpp.cpp; path = Pistol.cpp; sourceTree = "<group>"; };
		F1297DA11ADCB2E2006028DA /* Pistol.h */ = {isa = PBXFileReference; fileEncoding = 4; lastKnownFileType = sourcecode.c.h; path = Pistol.h; sourceTree = "<group>"; };
		F1297DA21ADCB2E2006028DA /* Knife.cpp */ = {isa = PBXFileReference; fileEncoding = 4; lastKnownFileType = sourcecode.cpp.cpp; path = Knife.cpp; sourceTree = "<group>"; };
		F1297DA31ADCB2E2006028DA /* Knife.h */ = {isa = PBXFileReference; fileEncoding = 4; lastKnownFileType = sourcecode.c.h; path = Knife.h; sourceTree = "<group>"; };
		F1297DA71ADCB2EF006028DA /* State.h */ = {isa = PBXFileReference; fileEncoding = 4; lastKnownFileType = sourcecode.c.h; path = State.h; sourceTree = "<group>"; };
		F1297DA81ADCB2EF006028DA /* StateMachine.h */ = {isa = PBXFileReference; fileEncoding = 4; lastKnownFileType = sourcecode.c.h; path = StateMachine.h; sourceTree = "<group>"; };
		F1297DA91ADCB2EF006028DA /* MoveState.cpp */ = {isa = PBXFileReference; fileEncoding = 4; lastKnownFileType = sourcecode.cpp.cpp; path = MoveState.cpp; sourceTree = "<group>"; };
		F1297DAA1ADCB2EF006028DA /* MoveState.h */ = {isa = PBXFileReference; fileEncoding = 4; lastKnownFileType = sourcecode.c.h; path = MoveState.h; sourceTree = "<group>"; };
		F1297DAB1ADCB2EF006028DA /* StandState.cpp */ = {isa = PBXFileReference; fileEncoding = 4; lastKnownFileType = sourcecode.cpp.cpp; path = StandState.cpp; sourceTree = "<group>"; };
		F1297DAC1ADCB2EF006028DA /* StandState.h */ = {isa = PBXFileReference; fileEncoding = 4; lastKnownFileType = sourcecode.c.h; path = StandState.h; sourceTree = "<group>"; };
		F1297DAD1ADCB2EF006028DA /* AttackState.cpp */ = {isa = PBXFileReference; fileEncoding = 4; lastKnownFileType = sourcecode.cpp.cpp; path = AttackState.cpp; sourceTree = "<group>"; };
		F1297DAE1ADCB2EF006028DA /* AttackState.h */ = {isa = PBXFileReference; fileEncoding = 4; lastKnownFileType = sourcecode.c.h; path = AttackState.h; sourceTree = "<group>"; };
		F1297DAF1ADCB2EF006028DA /* FallDownState.cpp */ = {isa = PBXFileReference; fileEncoding = 4; lastKnownFileType = sourcecode.cpp.cpp; path = FallDownState.cpp; sourceTree = "<group>"; };
		F1297DB01ADCB2EF006028DA /* FallDownState.h */ = {isa = PBXFileReference; fileEncoding = 4; lastKnownFileType = sourcecode.c.h; path = FallDownState.h; sourceTree = "<group>"; };
		F1297DB11ADCB2EF006028DA /* DizzyState.cpp */ = {isa = PBXFileReference; fileEncoding = 4; lastKnownFileType = sourcecode.cpp.cpp; path = DizzyState.cpp; sourceTree = "<group>"; };
		F1297DB21ADCB2EF006028DA /* DizzyState.h */ = {isa = PBXFileReference; fileEncoding = 4; lastKnownFileType = sourcecode.c.h; path = DizzyState.h; sourceTree = "<group>"; };
		F1297DB31ADCB2EF006028DA /* InjureState.cpp */ = {isa = PBXFileReference; fileEncoding = 4; lastKnownFileType = sourcecode.cpp.cpp; path = InjureState.cpp; sourceTree = "<group>"; };
		F1297DB41ADCB2EF006028DA /* InjureState.h */ = {isa = PBXFileReference; fileEncoding = 4; lastKnownFileType = sourcecode.c.h; path = InjureState.h; sourceTree = "<group>"; };
		F1297DB51ADCB2EF006028DA /* StandUpState.cpp */ = {isa = PBXFileReference; fileEncoding = 4; lastKnownFileType = sourcecode.cpp.cpp; path = StandUpState.cpp; sourceTree = "<group>"; };
		F1297DB61ADCB2EF006028DA /* StandUpState.h */ = {isa = PBXFileReference; fileEncoding = 4; lastKnownFileType = sourcecode.c.h; path = StandUpState.h; sourceTree = "<group>"; };
		F1297DB71ADCB2EF006028DA /* StiffState.cpp */ = {isa = PBXFileReference; fileEncoding = 4; lastKnownFileType = sourcecode.cpp.cpp; path = StiffState.cpp; sourceTree = "<group>"; };
		F1297DB81ADCB2EF006028DA /* StiffState.h */ = {isa = PBXFileReference; fileEncoding = 4; lastKnownFileType = sourcecode.c.h; path = StiffState.h; sourceTree = "<group>"; };
		F1297DB91ADCB2EF006028DA /* RollBackState.cpp */ = {isa = PBXFileReference; fileEncoding = 4; lastKnownFileType = sourcecode.cpp.cpp; path = RollBackState.cpp; sourceTree = "<group>"; };
		F1297DBA1ADCB2EF006028DA /* RollBackState.h */ = {isa = PBXFileReference; fileEncoding = 4; lastKnownFileType = sourcecode.c.h; path = RollBackState.h; sourceTree = "<group>"; };
		F1297DBB1ADCB2EF006028DA /* DieState.cpp */ = {isa = PBXFileReference; fileEncoding = 4; lastKnownFileType = sourcecode.cpp.cpp; path = DieState.cpp; sourceTree = "<group>"; };
		F1297DBC1ADCB2EF006028DA /* DieState.h */ = {isa = PBXFileReference; fileEncoding = 4; lastKnownFileType = sourcecode.c.h; path = DieState.h; sourceTree = "<group>"; };
		F1297DBD1ADCB2EF006028DA /* LieDownState.cpp */ = {isa = PBXFileReference; fileEncoding = 4; lastKnownFileType = sourcecode.cpp.cpp; path = LieDownState.cpp; sourceTree = "<group>"; };
		F1297DBE1ADCB2EF006028DA /* LieDownState.h */ = {isa = PBXFileReference; fileEncoding = 4; lastKnownFileType = sourcecode.c.h; path = LieDownState.h; sourceTree = "<group>"; };
		F1297DBF1ADCB2EF006028DA /* WeaponState.h */ = {isa = PBXFileReference; fileEncoding = 4; lastKnownFileType = sourcecode.c.h; path = WeaponState.h; sourceTree = "<group>"; };
		F1297DC01ADCB2EF006028DA /* FlowState.cpp */ = {isa = PBXFileReference; fileEncoding = 4; lastKnownFileType = sourcecode.cpp.cpp; path = FlowState.cpp; sourceTree = "<group>"; };
		F1297DC11ADCB2EF006028DA /* FlowState.h */ = {isa = PBXFileReference; fileEncoding = 4; lastKnownFileType = sourcecode.c.h; path = FlowState.h; sourceTree = "<group>"; };
		F1297DCE1ADCB2FF006028DA /* GameEntity.cpp */ = {isa = PBXFileReference; fileEncoding = 4; lastKnownFileType = sourcecode.cpp.cpp; path = GameEntity.cpp; sourceTree = "<group>"; };
		F1297DCF1ADCB2FF006028DA /* GameEntity.h */ = {isa = PBXFileReference; fileEncoding = 4; lastKnownFileType = sourcecode.c.h; path = GameEntity.h; sourceTree = "<group>"; };
		F1297DD01ADCB2FF006028DA /* BGTWall.cpp */ = {isa = PBXFileReference; fileEncoding = 4; lastKnownFileType = sourcecode.cpp.cpp; path = BGTWall.cpp; sourceTree = "<group>"; };
		F1297DD11ADCB2FF006028DA /* BGTWall.h */ = {isa = PBXFileReference; fileEncoding = 4; lastKnownFileType = sourcecode.c.h; path = BGTWall.h; sourceTree = "<group>"; };
		F1297DD21ADCB2FF006028DA /* Character.cpp */ = {isa = PBXFileReference; fileEncoding = 4; lastKnownFileType = sourcecode.cpp.cpp; path = Character.cpp; sourceTree = "<group>"; };
		F1297DD31ADCB2FF006028DA /* Character.h */ = {isa = PBXFileReference; fileEncoding = 4; lastKnownFileType = sourcecode.c.h; path = Character.h; sourceTree = "<group>"; };
		F1297DD41ADCB2FF006028DA /* GameEntityManager.cpp */ = {isa = PBXFileReference; fileEncoding = 4; lastKnownFileType = sourcecode.cpp.cpp; path = GameEntityManager.cpp; sourceTree = "<group>"; };
		F1297DD51ADCB2FF006028DA /* GameEntityManager.h */ = {isa = PBXFileReference; fileEncoding = 4; lastKnownFileType = sourcecode.c.h; path = GameEntityManager.h; sourceTree = "<group>"; };
		F1297DD61ADCB2FF006028DA /* MessageDispatcher.cpp */ = {isa = PBXFileReference; fileEncoding = 4; lastKnownFileType = sourcecode.cpp.cpp; path = MessageDispatcher.cpp; sourceTree = "<group>"; };
		F1297DD71ADCB2FF006028DA /* MessageDispatcher.h */ = {isa = PBXFileReference; fileEncoding = 4; lastKnownFileType = sourcecode.c.h; path = MessageDispatcher.h; sourceTree = "<group>"; };
		F1297DD81ADCB2FF006028DA /* Enemy.cpp */ = {isa = PBXFileReference; fileEncoding = 4; lastKnownFileType = sourcecode.cpp.cpp; path = Enemy.cpp; sourceTree = "<group>"; };
		F1297DD91ADCB2FF006028DA /* Enemy.h */ = {isa = PBXFileReference; fileEncoding = 4; lastKnownFileType = sourcecode.c.h; path = Enemy.h; sourceTree = "<group>"; };
		F1297DE11ADCB312006028DA /* UserData.cpp */ = {isa = PBXFileReference; fileEncoding = 4; lastKnownFileType = sourcecode.cpp.cpp; path = UserData.cpp; sourceTree = "<group>"; };
		F1297DE21ADCB312006028DA /* UserData.h */ = {isa = PBXFileReference; fileEncoding = 4; lastKnownFileType = sourcecode.c.h; path = UserData.h; sourceTree = "<group>"; };
		F1297DE31ADCB312006028DA /* GameManager.cpp */ = {isa = PBXFileReference; fileEncoding = 4; lastKnownFileType = sourcecode.cpp.cpp; path = GameManager.cpp; sourceTree = "<group>"; };
		F1297DE41ADCB312006028DA /* GameManager.h */ = {isa = PBXFileReference; fileEncoding = 4; lastKnownFileType = sourcecode.c.h; path = GameManager.h; sourceTree = "<group>"; };
		F1297DE81ADCB370006028DA /* UILayer.cpp */ = {isa = PBXFileReference; fileEncoding = 4; lastKnownFileType = sourcecode.cpp.cpp; path = UILayer.cpp; sourceTree = "<group>"; };
		F1297DE91ADCB370006028DA /* UILayer.h */ = {isa = PBXFileReference; fileEncoding = 4; lastKnownFileType = sourcecode.c.h; path = UILayer.h; sourceTree = "<group>"; };
		F1297DEA1ADCB370006028DA /* BGTWorld.cpp */ = {isa = PBXFileReference; fileEncoding = 4; lastKnownFileType = sourcecode.cpp.cpp; path = BGTWorld.cpp; sourceTree = "<group>"; };
		F1297DEB1ADCB370006028DA /* BGTWorld.h */ = {isa = PBXFileReference; fileEncoding = 4; lastKnownFileType = sourcecode.c.h; path = BGTWorld.h; sourceTree = "<group>"; };
		F1297DEF1ADCB37F006028DA /* BGTTile.cpp */ = {isa = PBXFileReference; fileEncoding = 4; lastKnownFileType = sourcecode.cpp.cpp; path = BGTTile.cpp; sourceTree = "<group>"; };
		F1297DF01ADCB37F006028DA /* BGTTile.h */ = {isa = PBXFileReference; fileEncoding = 4; lastKnownFileType = sourcecode.c.h; path = BGTTile.h; sourceTree = "<group>"; };
		F1297DF11ADCB37F006028DA /* BGTMap.cpp */ = {isa = PBXFileReference; fileEncoding = 4; lastKnownFileType = sourcecode.cpp.cpp; path = BGTMap.cpp; sourceTree = "<group>"; };
		F1297DF21ADCB37F006028DA /* BGTMap.h */ = {isa = PBXFileReference; fileEncoding = 4; lastKnownFileType = sourcecode.c.h; path = BGTMap.h; sourceTree = "<group>"; };
		F1297DF31ADCB37F006028DA /* WaveManager.cpp */ = {isa = PBXFileReference; fileEncoding = 4; lastKnownFileType = sourcecode.cpp.cpp; path = WaveManager.cpp; sourceTree = "<group>"; };
		F1297DF41ADCB37F006028DA /* WaveManager.h */ = {isa = PBXFileReference; fileEncoding = 4; lastKnownFileType = sourcecode.c.h; path = WaveManager.h; sourceTree = "<group>"; };
		F1297DF51ADCB37F006028DA /* Wave.cpp */ = {isa = PBXFileReference; fileEncoding = 4; lastKnownFileType = sourcecode.cpp.cpp; path = Wave.cpp; sourceTree = "<group>"; };
		F1297DF61ADCB37F006028DA /* Wave.h */ = {isa = PBXFileReference; fileEncoding = 4; lastKnownFileType = sourcecode.c.h; path = Wave.h; sourceTree = "<group>"; };
		F1297DF71ADCB37F006028DA /* Troop.cpp */ = {isa = PBXFileReference; fileEncoding = 4; lastKnownFileType = sourcecode.cpp.cpp; path = Troop.cpp; sourceTree = "<group>"; };
		F1297DF81ADCB37F006028DA /* Troop.h */ = {isa = PBXFileReference; fileEncoding = 4; lastKnownFileType = sourcecode.c.h; path = Troop.h; sourceTree = "<group>"; };
		F1297DF91ADCB37F006028DA /* Unit.cpp */ = {isa = PBXFileReference; fileEncoding = 4; lastKnownFileType = sourcecode.cpp.cpp; path = Unit.cpp; sourceTree = "<group>"; };
		F1297DFA1ADCB37F006028DA /* Unit.h */ = {isa = PBXFileReference; fileEncoding = 4; lastKnownFileType = sourcecode.c.h; path = Unit.h; sourceTree = "<group>"; };
		F1297E021ADCB3E9006028DA /* LoadScene.cpp */ = {isa = PBXFileReference; fileEncoding = 4; lastKnownFileType = sourcecode.cpp.cpp; path = LoadScene.cpp; sourceTree = "<group>"; };
		F1297E031ADCB3E9006028DA /* LoadScene.h */ = {isa = PBXFileReference; fileEncoding = 4; lastKnownFileType = sourcecode.c.h; path = LoadScene.h; sourceTree = "<group>"; };
		F1297E041ADCB3E9006028DA /* MenuScene.cpp */ = {isa = PBXFileReference; fileEncoding = 4; lastKnownFileType = sourcecode.cpp.cpp; path = MenuScene.cpp; sourceTree = "<group>"; };
		F1297E051ADCB3E9006028DA /* MenuScene.h */ = {isa = PBXFileReference; fileEncoding = 4; lastKnownFileType = sourcecode.c.h; path = MenuScene.h; sourceTree = "<group>"; };
		F1297E061ADCB3E9006028DA /* GameScene.cpp */ = {isa = PBXFileReference; fileEncoding = 4; lastKnownFileType = sourcecode.cpp.cpp; path = GameScene.cpp; sourceTree = "<group>"; };
		F1297E071ADCB3E9006028DA /* GameScene.h */ = {isa = PBXFileReference; fileEncoding = 4; lastKnownFileType = sourcecode.c.h; path = GameScene.h; sourceTree = "<group>"; };
		F1297E0B1ADCB3F6006028DA /* Utils.h */ = {isa = PBXFileReference; lastKnownFileType = sourcecode.c.h; path = Utils.h; sourceTree = "<group>"; };
		F1297E0C1ADCB3F7006028DA /* Telegram.h */ = {isa = PBXFileReference; lastKnownFileType = sourcecode.c.h; path = Telegram.h; sourceTree = "<group>"; };
		F1297E0D1ADCB4EF006028DA /* resHD */ = {isa = PBXFileReference; lastKnownFileType = folder; path = resHD; sourceTree = "<group>"; };
		F1297E0E1ADCB4EF006028DA /* resIpad */ = {isa = PBXFileReference; lastKnownFileType = folder; path = resIpad; sourceTree = "<group>"; };
		F1297E0F1ADCB4EF006028DA /* resIpadHD */ = {isa = PBXFileReference; lastKnownFileType = folder; path = resIpadHD; sourceTree = "<group>"; };
		F1297E131ADCB52F006028DA /* PIC_XX.png */ = {isa = PBXFileReference; lastKnownFileType = image.png; path = PIC_XX.png; sourceTree = "<group>"; };
		F1297E151ADCB52F006028DA /* bgm_1.mp3 */ = {isa = PBXFileReference; lastKnownFileType = audio.mp3; path = bgm_1.mp3; sourceTree = "<group>"; };
		F1297E161ADCB52F006028DA /* bgm_2.mp3 */ = {isa = PBXFileReference; lastKnownFileType = audio.mp3; path = bgm_2.mp3; sourceTree = "<group>"; };
		F1297E171ADCB52F006028DA /* bgm_3.mp3 */ = {isa = PBXFileReference; lastKnownFileType = audio.mp3; path = bgm_3.mp3; sourceTree = "<group>"; };
		F1297E181ADCB52F006028DA /* boss1_daduan1.mp3 */ = {isa = PBXFileReference; lastKnownFileType = audio.mp3; path = boss1_daduan1.mp3; sourceTree = "<group>"; };
		F1297E191ADCB52F006028DA /* boss1_daduan2.mp3 */ = {isa = PBXFileReference; lastKnownFileType = audio.mp3; path = boss1_daduan2.mp3; sourceTree = "<group>"; };
		F1297E1A1ADCB52F006028DA /* boss1_dead.mp3 */ = {isa = PBXFileReference; lastKnownFileType = audio.mp3; path = boss1_dead.mp3; sourceTree = "<group>"; };
		F1297E1B1ADCB52F006028DA /* boss1_fs.mp3 */ = {isa = PBXFileReference; lastKnownFileType = audio.mp3; path = boss1_fs.mp3; sourceTree = "<group>"; };
		F1297E1C1ADCB52F006028DA /* boss1_fssw.mp3 */ = {isa = PBXFileReference; lastKnownFileType = audio.mp3; path = boss1_fssw.mp3; sourceTree = "<group>"; };
		F1297E1D1ADCB52F006028DA /* boss1_sy.mp3 */ = {isa = PBXFileReference; lastKnownFileType = audio.mp3; path = boss1_sy.mp3; sourceTree = "<group>"; };
		F1297E1E1ADCB52F006028DA /* boss1_xx.mp3 */ = {isa = PBXFileReference; lastKnownFileType = audio.mp3; path = boss1_xx.mp3; sourceTree = "<group>"; };
		F1297E1F1ADCB52F006028DA /* boss1_zhuazigj.mp3 */ = {isa = PBXFileReference; lastKnownFileType = audio.mp3; path = boss1_zhuazigj.mp3; sourceTree = "<group>"; };
		F1297E201ADCB52F006028DA /* boss1_zhuazixl.mp3 */ = {isa = PBXFileReference; lastKnownFileType = audio.mp3; path = boss1_zhuazixl.mp3; sourceTree = "<group>"; };
		F1297E211ADCB52F006028DA /* boss2_daduan.mp3 */ = {isa = PBXFileReference; lastKnownFileType = audio.mp3; path = boss2_daduan.mp3; sourceTree = "<group>"; };
		F1297E221ADCB52F006028DA /* boss2_dead.mp3 */ = {isa = PBXFileReference; lastKnownFileType = audio.mp3; path = boss2_dead.mp3; sourceTree = "<group>"; };
		F1297E231ADCB52F006028DA /* boss2_huo.mp3 */ = {isa = PBXFileReference; lastKnownFileType = audio.mp3; path = boss2_huo.mp3; sourceTree = "<group>"; };
		F1297E241ADCB52F006028DA /* boss2_xuli.mp3 */ = {isa = PBXFileReference; lastKnownFileType = audio.mp3; path = boss2_xuli.mp3; sourceTree = "<group>"; };
		F1297E251ADCB52F006028DA /* boss2_zhuazigj.mp3 */ = {isa = PBXFileReference; lastKnownFileType = audio.mp3; path = boss2_zhuazigj.mp3; sourceTree = "<group>"; };
		F1297E261ADCB52F006028DA /* button.mp3 */ = {isa = PBXFileReference; lastKnownFileType = audio.mp3; path = button.mp3; sourceTree = "<group>"; };
		F1297E271ADCB52F006028DA /* cg_gd1.mp3 */ = {isa = PBXFileReference; lastKnownFileType = audio.mp3; path = cg_gd1.mp3; sourceTree = "<group>"; };
		F1297E281ADCB52F006028DA /* cg_gd2.mp3 */ = {isa = PBXFileReference; lastKnownFileType = audio.mp3; path = cg_gd2.mp3; sourceTree = "<group>"; };
		F1297E291ADCB52F006028DA /* d_bz.mp3 */ = {isa = PBXFileReference; lastKnownFileType = audio.mp3; path = d_bz.mp3; sourceTree = "<group>"; };
		F1297E2A1ADCB52F006028DA /* d_cg.mp3 */ = {isa = PBXFileReference; lastKnownFileType = audio.mp3; path = d_cg.mp3; sourceTree = "<group>"; };
		F1297E2B1ADCB52F006028DA /* d_hq.mp3 */ = {isa = PBXFileReference; lastKnownFileType = audio.mp3; path = d_hq.mp3; sourceTree = "<group>"; };
		F1297E2C1ADCB52F006028DA /* d_hs.mp3 */ = {isa = PBXFileReference; lastKnownFileType = audio.mp3; path = d_hs.mp3; sourceTree = "<group>"; };
		F1297E2D1ADCB52F006028DA /* d_js.mp3 */ = {isa = PBXFileReference; lastKnownFileType = audio.mp3; path = d_js.mp3; sourceTree = "<group>"; };
		F1297E2E1ADCB52F006028DA /* d_ng.mp3 */ = {isa = PBXFileReference; lastKnownFileType = audio.mp3; path = d_ng.mp3; sourceTree = "<group>"; };
		F1297E2F1ADCB52F006028DA /* dao_1.mp3 */ = {isa = PBXFileReference; lastKnownFileType = audio.mp3; path = dao_1.mp3; sourceTree = "<group>"; };
		F1297E301ADCB52F006028DA /* dao_2.mp3 */ = {isa = PBXFileReference; lastKnownFileType = audio.mp3; path = dao_2.mp3; sourceTree = "<group>"; };
		F1297E311ADCB52F006028DA /* dj.mp3 */ = {isa = PBXFileReference; lastKnownFileType = audio.mp3; path = dj.mp3; sourceTree = "<group>"; };
		F1297E321ADCB52F006028DA /* door0.mp3 */ = {isa = PBXFileReference; lastKnownFileType = audio.mp3; path = door0.mp3; sourceTree = "<group>"; };
		F1297E331ADCB52F006028DA /* door1.mp3 */ = {isa = PBXFileReference; lastKnownFileType = audio.mp3; path = door1.mp3; sourceTree = "<group>"; };
		F1297E341ADCB52F006028DA /* door_1.mp3 */ = {isa = PBXFileReference; lastKnownFileType = audio.mp3; path = door_1.mp3; sourceTree = "<group>"; };
		F1297E351ADCB52F006028DA /* door_2.mp3 */ = {isa = PBXFileReference; lastKnownFileType = audio.mp3; path = door_2.mp3; sourceTree = "<group>"; };
		F1297E361ADCB52F006028DA /* dybz.mp3 */ = {isa = PBXFileReference; lastKnownFileType = audio.mp3; path = dybz.mp3; sourceTree = "<group>"; };
		F1297E371ADCB52F006028DA /* dyempty.mp3 */ = {isa = PBXFileReference; lastKnownFileType = audio.mp3; path = dyempty.mp3; sourceTree = "<group>"; };
		F1297E381ADCB52F006028DA /* fireball.mp3 */ = {isa = PBXFileReference; lastKnownFileType = audio.mp3; path = fireball.mp3; sourceTree = "<group>"; };
		F1297E391ADCB52F006028DA /* game_fail.mp3 */ = {isa = PBXFileReference; lastKnownFileType = audio.mp3; path = game_fail.mp3; sourceTree = "<group>"; };
		F1297E3A1ADCB52F006028DA /* game_win.mp3 */ = {isa = PBXFileReference; lastKnownFileType = audio.mp3; path = game_win.mp3; sourceTree = "<group>"; };
		F1297E3B1ADCB52F006028DA /* gold.mp3 */ = {isa = PBXFileReference; lastKnownFileType = audio.mp3; path = gold.mp3; sourceTree = "<group>"; };
		F1297E3C1ADCB52F006028DA /* hjt.mp3 */ = {isa = PBXFileReference; lastKnownFileType = audio.mp3; path = hjt.mp3; sourceTree = "<group>"; };
		F1297E3D1ADCB52F006028DA /* huoqiu.mp3 */ = {isa = PBXFileReference; lastKnownFileType = audio.mp3; path = huoqiu.mp3; sourceTree = "<group>"; };
		F1297E3E1ADCB52F006028DA /* item.mp3 */ = {isa = PBXFileReference; lastKnownFileType = audio.mp3; path = item.mp3; sourceTree = "<group>"; };
		F1297E3F1ADCB52F006028DA /* jq.mp3 */ = {isa = PBXFileReference; lastKnownFileType = audio.mp3; path = jq.mp3; sourceTree = "<group>"; };
		F1297E401ADCB52F006028DA /* reload.mp3 */ = {isa = PBXFileReference; lastKnownFileType = audio.mp3; path = reload.mp3; sourceTree = "<group>"; };
		F1297E411ADCB52F006028DA /* sdq.mp3 */ = {isa = PBXFileReference; lastKnownFileType = audio.mp3; path = sdq.mp3; sourceTree = "<group>"; };
		F1297E421ADCB52F006028DA /* sq.mp3 */ = {isa = PBXFileReference; lastKnownFileType = audio.mp3; path = sq.mp3; sourceTree = "<group>"; };
		F1297E431ADCB52F006028DA /* touch1.mp3 */ = {isa = PBXFileReference; lastKnownFileType = audio.mp3; path = touch1.mp3; sourceTree = "<group>"; };
		F1297E441ADCB52F006028DA /* uibgm.mp3 */ = {isa = PBXFileReference; lastKnownFileType = audio.mp3; path = uibgm.mp3; sourceTree = "<group>"; };
		F1297E451ADCB52F006028DA /* wpupgrade.mp3 */ = {isa = PBXFileReference; lastKnownFileType = audio.mp3; path = wpupgrade.mp3; sourceTree = "<group>"; };
		F1297E471ADCB52F006028DA /* skeleton.json */ = {isa = PBXFileReference; fileEncoding = 4; lastKnownFileType = text.json; path = skeleton.json; sourceTree = "<group>"; };
		F1297E481ADCB52F006028DA /* smallzombie.json */ = {isa = PBXFileReference; fileEncoding = 4; lastKnownFileType = text.json; path = smallzombie.json; sourceTree = "<group>"; };
		F1297E491ADCB52F006028DA /* steak.png */ = {isa = PBXFileReference; lastKnownFileType = image.png; path = steak.png; sourceTree = "<group>"; };
/* End PBXFileReference section */

/* Begin PBXFrameworksBuildPhase section */
		1D60588F0D05DD3D006BFB54 /* Frameworks */ = {
			isa = PBXFrameworksBuildPhase;
			buildActionMask = 2147483647;
			files = (
				52B47A471A53D09C004E4C60 /* Security.framework in Frameworks */,
				1AC6FB30180E99EB004C840B /* libcocos2d iOS.a in Frameworks */,
				D6B0611B1803AB670077942B /* CoreMotion.framework in Frameworks */,
				1D60589F0D05DD5A006BFB54 /* Foundation.framework in Frameworks */,
				1DF5F4E00D08C38300B7A737 /* UIKit.framework in Frameworks */,
				288765A50DF7441C002DB57D /* CoreGraphics.framework in Frameworks */,
				BF171245129291EC00B8313A /* OpenGLES.framework in Frameworks */,
				BF1712471292920000B8313A /* libz.dylib in Frameworks */,
				BF1C47F01293687400B63C5D /* QuartzCore.framework in Frameworks */,
				D44C620C132DFF330009C878 /* OpenAL.framework in Frameworks */,
				D44C620E132DFF430009C878 /* AVFoundation.framework in Frameworks */,
				D44C6210132DFF4E0009C878 /* AudioToolbox.framework in Frameworks */,
			);
			runOnlyForDeploymentPostprocessing = 0;
		};
		5087E75C17EB910900C73F5D /* Frameworks */ = {
			isa = PBXFrameworksBuildPhase;
			buildActionMask = 2147483647;
			files = (
				1AC6FB21180E996B004C840B /* libcocos2d Mac.a in Frameworks */,
				5087E76717EB910900C73F5D /* libz.dylib in Frameworks */,
				8262943E1AAF051F00CB7CF7 /* Security.framework in Frameworks */,
				503AE11B17EB9C5A00D1A890 /* IOKit.framework in Frameworks */,
				5087E78B17EB975400C73F5D /* OpenGL.framework in Frameworks */,
				5087E78917EB974C00C73F5D /* AppKit.framework in Frameworks */,
				5087E76317EB910900C73F5D /* Foundation.framework in Frameworks */,
				5087E76817EB910900C73F5D /* QuartzCore.framework in Frameworks */,
				5087E76917EB910900C73F5D /* OpenAL.framework in Frameworks */,
				5087E76A17EB910900C73F5D /* AVFoundation.framework in Frameworks */,
				5087E76B17EB910900C73F5D /* AudioToolbox.framework in Frameworks */,
			);
			runOnlyForDeploymentPostprocessing = 0;
		};
/* End PBXFrameworksBuildPhase section */

/* Begin PBXGroup section */
		080E96DDFE201D6D7F000001 /* ios */ = {
			isa = PBXGroup;
			children = (
				5087E77117EB970100C73F5D /* Icons */,
				503AE0FA17EB989F00D1A890 /* AppController.h */,
				503AE0FB17EB989F00D1A890 /* AppController.mm */,
				503AE0FC17EB989F00D1A890 /* main.m */,
				503AE0FD17EB989F00D1A890 /* Prefix.pch */,
				503AE0FE17EB989F00D1A890 /* RootViewController.h */,
				503AE0FF17EB989F00D1A890 /* RootViewController.mm */,
			);
			name = ios;
			path = Classes;
			sourceTree = "<group>";
		};
		19C28FACFE9D520D11CA2CBB /* Products */ = {
			isa = PBXGroup;
			children = (
				1D6058910D05DD3D006BFB54 /* Monster iOS.app */,
				5087E76F17EB910900C73F5D /* Monster Mac.app */,
			);
			name = Products;
			sourceTree = "<group>";
		};
		1AC6FAE6180E9839004C840B /* Products */ = {
			isa = PBXGroup;
			children = (
				1AC6FAF9180E9839004C840B /* libcocos2d Mac.a */,
				1AC6FB07180E9839004C840B /* libcocos2d iOS.a */,
			);
			name = Products;
			sourceTree = "<group>";
		};
		29B97314FDCFA39411CA2CEA /* CustomTemplate */ = {
			isa = PBXGroup;
			children = (
				46880B8319C43A87006E1F66 /* Classes */,
				46880B7519C43A67006E1F66 /* Resources */,
				1AC6FAE5180E9839004C840B /* cocos2d_libs.xcodeproj */,
				29B97323FDCFA39411CA2CEA /* Frameworks */,
				080E96DDFE201D6D7F000001 /* ios */,
				503AE10617EB990700D1A890 /* mac */,
				19C28FACFE9D520D11CA2CBB /* Products */,
			);
			name = CustomTemplate;
			sourceTree = "<group>";
		};
		29B97323FDCFA39411CA2CEA /* Frameworks */ = {
			isa = PBXGroup;
			children = (
				8262943D1AAF051F00CB7CF7 /* Security.framework */,
				52B47A461A53D09B004E4C60 /* Security.framework */,
				D6B0611A1803AB670077942B /* CoreMotion.framework */,
				503AE11A17EB9C5A00D1A890 /* IOKit.framework */,
				503AE11117EB99EE00D1A890 /* libcurl.dylib */,
				5087E78A17EB975400C73F5D /* OpenGL.framework */,
				5087E78817EB974C00C73F5D /* AppKit.framework */,
				1ACB3243164770DE00914215 /* libcurl.a */,
				BF170DB412928DE900B8313A /* libz.dylib */,
				D44C620F132DFF4E0009C878 /* AudioToolbox.framework */,
				D44C620D132DFF430009C878 /* AVFoundation.framework */,
				288765A40DF7441C002DB57D /* CoreGraphics.framework */,
				1D30AB110D05D00D00671497 /* Foundation.framework */,
				D44C620B132DFF330009C878 /* OpenAL.framework */,
				BF170DB012928DE900B8313A /* OpenGLES.framework */,
				BF1C47EA1293683800B63C5D /* QuartzCore.framework */,
				1DF5F4DF0D08C38300B7A737 /* UIKit.framework */,
			);
			name = Frameworks;
			sourceTree = "<group>";
		};
		46880B7519C43A67006E1F66 /* Resources */ = {
			isa = PBXGroup;
			children = (
				F1297E131ADCB52F006028DA /* PIC_XX.png */,
				F1297E141ADCB52F006028DA /* sounds */,
				F1297E461ADCB52F006028DA /* spine */,
				F1297E491ADCB52F006028DA /* steak.png */,
				F1297E0D1ADCB4EF006028DA /* resHD */,
				F1297E0E1ADCB4EF006028DA /* resIpad */,
				F1297E0F1ADCB4EF006028DA /* resIpadHD */,
				521A8EA819F11F5000D177D7 /* fonts */,
				3EACC98E19EE6D4300EB3C5E /* res */,
			);
			name = Resources;
			path = ../Resources;
			sourceTree = "<group>";
		};
		46880B8319C43A87006E1F66 /* Classes */ = {
			isa = PBXGroup;
			children = (
				F1297E0B1ADCB3F6006028DA /* Utils.h */,
				F1297E0C1ADCB3F7006028DA /* Telegram.h */,
				F1297E011ADCB3DD006028DA /* scenes */,
				F1297DEE1ADCB374006028DA /* objs */,
				F1297DE71ADCB366006028DA /* layers */,
				F1297DE01ADCB306006028DA /* userdata */,
				F1297D9B1ADCB2C5006028DA /* entities */,
				46880B8419C43A87006E1F66 /* AppDelegate.cpp */,
				46880B8519C43A87006E1F66 /* AppDelegate.h */,
				46880B8619C43A87006E1F66 /* HelloWorldScene.cpp */,
				46880B8719C43A87006E1F66 /* HelloWorldScene.h */,
			);
			name = Classes;
			path = ../Classes;
			sourceTree = "<group>";
		};
		503AE0F517EB97AB00D1A890 /* Icons */ = {
			isa = PBXGroup;
			children = (
				503AE0F617EB97AB00D1A890 /* Icon.icns */,
				503AE0F717EB97AB00D1A890 /* Info.plist */,
			);
			name = Icons;
			path = mac;
			sourceTree = SOURCE_ROOT;
		};
		503AE10617EB990700D1A890 /* mac */ = {
			isa = PBXGroup;
			children = (
				503AE0F517EB97AB00D1A890 /* Icons */,
				503AE10317EB98FF00D1A890 /* main.cpp */,
				503AE10417EB98FF00D1A890 /* Prefix.pch */,
			);
			name = mac;
			sourceTree = "<group>";
		};
		5087E77117EB970100C73F5D /* Icons */ = {
			isa = PBXGroup;
			children = (
				521A8E6219F0C34300D177D7 /* Default-667h@2x.png */,
				521A8E6319F0C34300D177D7 /* Default-736h@3x.png */,
				5087E77217EB970100C73F5D /* Default-568h@2x.png */,
				5087E77317EB970100C73F5D /* Default.png */,
				5087E77417EB970100C73F5D /* Default@2x.png */,
				50EF62A017ECD613001EB2F8 /* Icon-29.png */,
				50EF62A117ECD613001EB2F8 /* Icon-50.png */,
				50EF629217ECD46A001EB2F8 /* Icon-40.png */,
				50EF629317ECD46A001EB2F8 /* Icon-58.png */,
				50EF629417ECD46A001EB2F8 /* Icon-80.png */,
				50EF629517ECD46A001EB2F8 /* Icon-100.png */,
				5087E77517EB970100C73F5D /* Icon-114.png */,
				5087E77617EB970100C73F5D /* Icon-120.png */,
				5087E77717EB970100C73F5D /* Icon-144.png */,
				5087E77817EB970100C73F5D /* Icon-152.png */,
				5087E77917EB970100C73F5D /* Icon-57.png */,
				5087E77A17EB970100C73F5D /* Icon-72.png */,
				5087E77B17EB970100C73F5D /* Icon-76.png */,
				5087E77C17EB970100C73F5D /* Info.plist */,
			);
			name = Icons;
			path = ios;
			sourceTree = SOURCE_ROOT;
		};
		F1297D9B1ADCB2C5006028DA /* entities */ = {
			isa = PBXGroup;
			children = (
				F1297DCE1ADCB2FF006028DA /* GameEntity.cpp */,
				F1297DCF1ADCB2FF006028DA /* GameEntity.h */,
				F1297DD01ADCB2FF006028DA /* BGTWall.cpp */,
				F1297DD11ADCB2FF006028DA /* BGTWall.h */,
				F1297DD21ADCB2FF006028DA /* Character.cpp */,
				F1297DD31ADCB2FF006028DA /* Character.h */,
				F1297DD41ADCB2FF006028DA /* GameEntityManager.cpp */,
				F1297DD51ADCB2FF006028DA /* GameEntityManager.h */,
				F1297DD61ADCB2FF006028DA /* MessageDispatcher.cpp */,
				F1297DD71ADCB2FF006028DA /* MessageDispatcher.h */,
				F1297DD81ADCB2FF006028DA /* Enemy.cpp */,
				F1297DD91ADCB2FF006028DA /* Enemy.h */,
				F1297D9D1ADCB2D5006028DA /* states */,
				F1297D9C1ADCB2CF006028DA /* weapons */,
			);
			name = entities;
			sourceTree = "<group>";
		};
		F1297D9C1ADCB2CF006028DA /* weapons */ = {
			isa = PBXGroup;
			children = (
				F1297D9E1ADCB2E2006028DA /* Weapon.cpp */,
				F1297D9F1ADCB2E2006028DA /* Weapon.h */,
				F1297DA01ADCB2E2006028DA /* Pistol.cpp */,
				F1297DA11ADCB2E2006028DA /* Pistol.h */,
				F1297DA21ADCB2E2006028DA /* Knife.cpp */,
				F1297DA31ADCB2E2006028DA /* Knife.h */,
			);
			name = weapons;
			sourceTree = "<group>";
		};
		F1297D9D1ADCB2D5006028DA /* states */ = {
			isa = PBXGroup;
			children = (
				F1297DA71ADCB2EF006028DA /* State.h */,
				F1297DA81ADCB2EF006028DA /* StateMachine.h */,
				F1297DA91ADCB2EF006028DA /* MoveState.cpp */,
				F1297DAA1ADCB2EF006028DA /* MoveState.h */,
				F1297DAB1ADCB2EF006028DA /* StandState.cpp */,
				F1297DAC1ADCB2EF006028DA /* StandState.h */,
				F1297DAD1ADCB2EF006028DA /* AttackState.cpp */,
				F1297DAE1ADCB2EF006028DA /* AttackState.h */,
				F1297DAF1ADCB2EF006028DA /* FallDownState.cpp */,
				F1297DB01ADCB2EF006028DA /* FallDownState.h */,
				F1297DB11ADCB2EF006028DA /* DizzyState.cpp */,
				F1297DB21ADCB2EF006028DA /* DizzyState.h */,
				F1297DB31ADCB2EF006028DA /* InjureState.cpp */,
				F1297DB41ADCB2EF006028DA /* InjureState.h */,
				F1297DB51ADCB2EF006028DA /* StandUpState.cpp */,
				F1297DB61ADCB2EF006028DA /* StandUpState.h */,
				F1297DB71ADCB2EF006028DA /* StiffState.cpp */,
				F1297DB81ADCB2EF006028DA /* StiffState.h */,
				F1297DB91ADCB2EF006028DA /* RollBackState.cpp */,
				F1297DBA1ADCB2EF006028DA /* RollBackState.h */,
				F1297DBB1ADCB2EF006028DA /* DieState.cpp */,
				F1297DBC1ADCB2EF006028DA /* DieState.h */,
				F1297DBD1ADCB2EF006028DA /* LieDownState.cpp */,
				F1297DBE1ADCB2EF006028DA /* LieDownState.h */,
				F1297DBF1ADCB2EF006028DA /* WeaponState.h */,
				F1297DC01ADCB2EF006028DA /* FlowState.cpp */,
				F1297DC11ADCB2EF006028DA /* FlowState.h */,
			);
			name = states;
			sourceTree = "<group>";
		};
		F1297DE01ADCB306006028DA /* userdata */ = {
			isa = PBXGroup;
			children = (
				F1297DE11ADCB312006028DA /* UserData.cpp */,
				F1297DE21ADCB312006028DA /* UserData.h */,
				F1297DE31ADCB312006028DA /* GameManager.cpp */,
				F1297DE41ADCB312006028DA /* GameManager.h */,
			);
			name = userdata;
			sourceTree = "<group>";
		};
		F1297DE71ADCB366006028DA /* layers */ = {
			isa = PBXGroup;
			children = (
				F1297DE81ADCB370006028DA /* UILayer.cpp */,
				F1297DE91ADCB370006028DA /* UILayer.h */,
				F1297DEA1ADCB370006028DA /* BGTWorld.cpp */,
				F1297DEB1ADCB370006028DA /* BGTWorld.h */,
			);
			name = layers;
			sourceTree = "<group>";
		};
		F1297DEE1ADCB374006028DA /* objs */ = {
			isa = PBXGroup;
			children = (
				F1297DEF1ADCB37F006028DA /* BGTTile.cpp */,
				F1297DF01ADCB37F006028DA /* BGTTile.h */,
				F1297DF11ADCB37F006028DA /* BGTMap.cpp */,
				F1297DF21ADCB37F006028DA /* BGTMap.h */,
				F1297DF31ADCB37F006028DA /* WaveManager.cpp */,
				F1297DF41ADCB37F006028DA /* WaveManager.h */,
				F1297DF51ADCB37F006028DA /* Wave.cpp */,
				F1297DF61ADCB37F006028DA /* Wave.h */,
				F1297DF71ADCB37F006028DA /* Troop.cpp */,
				F1297DF81ADCB37F006028DA /* Troop.h */,
				F1297DF91ADCB37F006028DA /* Unit.cpp */,
				F1297DFA1ADCB37F006028DA /* Unit.h */,
			);
			name = objs;
			sourceTree = "<group>";
		};
		F1297E011ADCB3DD006028DA /* scenes */ = {
			isa = PBXGroup;
			children = (
				F1297E021ADCB3E9006028DA /* LoadScene.cpp */,
				F1297E031ADCB3E9006028DA /* LoadScene.h */,
				F1297E041ADCB3E9006028DA /* MenuScene.cpp */,
				F1297E051ADCB3E9006028DA /* MenuScene.h */,
				F1297E061ADCB3E9006028DA /* GameScene.cpp */,
				F1297E071ADCB3E9006028DA /* GameScene.h */,
			);
			name = scenes;
			sourceTree = "<group>";
		};
		F1297E141ADCB52F006028DA /* sounds */ = {
			isa = PBXGroup;
			children = (
				F1297E151ADCB52F006028DA /* bgm_1.mp3 */,
				F1297E161ADCB52F006028DA /* bgm_2.mp3 */,
				F1297E171ADCB52F006028DA /* bgm_3.mp3 */,
				F1297E181ADCB52F006028DA /* boss1_daduan1.mp3 */,
				F1297E191ADCB52F006028DA /* boss1_daduan2.mp3 */,
				F1297E1A1ADCB52F006028DA /* boss1_dead.mp3 */,
				F1297E1B1ADCB52F006028DA /* boss1_fs.mp3 */,
				F1297E1C1ADCB52F006028DA /* boss1_fssw.mp3 */,
				F1297E1D1ADCB52F006028DA /* boss1_sy.mp3 */,
				F1297E1E1ADCB52F006028DA /* boss1_xx.mp3 */,
				F1297E1F1ADCB52F006028DA /* boss1_zhuazigj.mp3 */,
				F1297E201ADCB52F006028DA /* boss1_zhuazixl.mp3 */,
				F1297E211ADCB52F006028DA /* boss2_daduan.mp3 */,
				F1297E221ADCB52F006028DA /* boss2_dead.mp3 */,
				F1297E231ADCB52F006028DA /* boss2_huo.mp3 */,
				F1297E241ADCB52F006028DA /* boss2_xuli.mp3 */,
				F1297E251ADCB52F006028DA /* boss2_zhuazigj.mp3 */,
				F1297E261ADCB52F006028DA /* button.mp3 */,
				F1297E271ADCB52F006028DA /* cg_gd1.mp3 */,
				F1297E281ADCB52F006028DA /* cg_gd2.mp3 */,
				F1297E291ADCB52F006028DA /* d_bz.mp3 */,
				F1297E2A1ADCB52F006028DA /* d_cg.mp3 */,
				F1297E2B1ADCB52F006028DA /* d_hq.mp3 */,
				F1297E2C1ADCB52F006028DA /* d_hs.mp3 */,
				F1297E2D1ADCB52F006028DA /* d_js.mp3 */,
				F1297E2E1ADCB52F006028DA /* d_ng.mp3 */,
				F1297E2F1ADCB52F006028DA /* dao_1.mp3 */,
				F1297E301ADCB52F006028DA /* dao_2.mp3 */,
				F1297E311ADCB52F006028DA /* dj.mp3 */,
				F1297E321ADCB52F006028DA /* door0.mp3 */,
				F1297E331ADCB52F006028DA /* door1.mp3 */,
				F1297E341ADCB52F006028DA /* door_1.mp3 */,
				F1297E351ADCB52F006028DA /* door_2.mp3 */,
				F1297E361ADCB52F006028DA /* dybz.mp3 */,
				F1297E371ADCB52F006028DA /* dyempty.mp3 */,
				F1297E381ADCB52F006028DA /* fireball.mp3 */,
				F1297E391ADCB52F006028DA /* game_fail.mp3 */,
				F1297E3A1ADCB52F006028DA /* game_win.mp3 */,
				F1297E3B1ADCB52F006028DA /* gold.mp3 */,
				F1297E3C1ADCB52F006028DA /* hjt.mp3 */,
				F1297E3D1ADCB52F006028DA /* huoqiu.mp3 */,
				F1297E3E1ADCB52F006028DA /* item.mp3 */,
				F1297E3F1ADCB52F006028DA /* jq.mp3 */,
				F1297E401ADCB52F006028DA /* reload.mp3 */,
				F1297E411ADCB52F006028DA /* sdq.mp3 */,
				F1297E421ADCB52F006028DA /* sq.mp3 */,
				F1297E431ADCB52F006028DA /* touch1.mp3 */,
				F1297E441ADCB52F006028DA /* uibgm.mp3 */,
				F1297E451ADCB52F006028DA /* wpupgrade.mp3 */,
			);
			path = sounds;
			sourceTree = "<group>";
		};
		F1297E461ADCB52F006028DA /* spine */ = {
			isa = PBXGroup;
			children = (
				F1297E471ADCB52F006028DA /* skeleton.json */,
				F1297E481ADCB52F006028DA /* smallzombie.json */,
			);
			path = spine;
			sourceTree = "<group>";
		};
/* End PBXGroup section */

/* Begin PBXNativeTarget section */
		1D6058900D05DD3D006BFB54 /* Monster iOS */ = {
			isa = PBXNativeTarget;
			buildConfigurationList = 1D6058960D05DD3E006BFB54 /* Build configuration list for PBXNativeTarget "Monster iOS" */;
			buildPhases = (
				1D60588D0D05DD3D006BFB54 /* Resources */,
				1D60588E0D05DD3D006BFB54 /* Sources */,
				1D60588F0D05DD3D006BFB54 /* Frameworks */,
			);
			buildRules = (
			);
			dependencies = (
				1AC6FB25180E99E1004C840B /* PBXTargetDependency */,
			);
			name = "Monster iOS";
			productName = iphone;
			productReference = 1D6058910D05DD3D006BFB54 /* Monster iOS.app */;
			productType = "com.apple.product-type.application";
		};
		5087E73D17EB910900C73F5D /* Monster Mac */ = {
			isa = PBXNativeTarget;
			buildConfigurationList = 5087E76C17EB910900C73F5D /* Build configuration list for PBXNativeTarget "Monster Mac" */;
			buildPhases = (
				5087E74817EB910900C73F5D /* Resources */,
				5087E75617EB910900C73F5D /* Sources */,
				5087E75C17EB910900C73F5D /* Frameworks */,
			);
			buildRules = (
			);
			dependencies = (
				1AC6FB16180E9959004C840B /* PBXTargetDependency */,
			);
			name = "Monster Mac";
			productName = iphone;
			productReference = 5087E76F17EB910900C73F5D /* Monster Mac.app */;
			productType = "com.apple.product-type.application";
		};
/* End PBXNativeTarget section */

/* Begin PBXProject section */
		29B97313FDCFA39411CA2CEA /* Project object */ = {
			isa = PBXProject;
			attributes = {
				LastUpgradeCheck = 0500;
				TargetAttributes = {
					1D6058900D05DD3D006BFB54 = {
						DevelopmentTeam = MDDB52YB8L;
					};
				};
			};
			buildConfigurationList = C01FCF4E08A954540054247B /* Build configuration list for PBXProject "Monster" */;
			compatibilityVersion = "Xcode 3.2";
			developmentRegion = English;
			hasScannedForEncodings = 1;
			knownRegions = (
				English,
				Japanese,
				French,
				German,
			);
			mainGroup = 29B97314FDCFA39411CA2CEA /* CustomTemplate */;
			projectDirPath = "";
			projectReferences = (
				{
					ProductGroup = 1AC6FAE6180E9839004C840B /* Products */;
					ProjectRef = 1AC6FAE5180E9839004C840B /* cocos2d_libs.xcodeproj */;
				},
			);
			projectRoot = "";
			targets = (
				1D6058900D05DD3D006BFB54 /* Monster iOS */,
				5087E73D17EB910900C73F5D /* Monster Mac */,
			);
		};
/* End PBXProject section */

/* Begin PBXReferenceProxy section */
		1AC6FAF9180E9839004C840B /* libcocos2d Mac.a */ = {
			isa = PBXReferenceProxy;
			fileType = archive.ar;
			path = "libcocos2d Mac.a";
			remoteRef = 1AC6FAF8180E9839004C840B /* PBXContainerItemProxy */;
			sourceTree = BUILT_PRODUCTS_DIR;
		};
		1AC6FB07180E9839004C840B /* libcocos2d iOS.a */ = {
			isa = PBXReferenceProxy;
			fileType = archive.ar;
			path = "libcocos2d iOS.a";
			remoteRef = 1AC6FB06180E9839004C840B /* PBXContainerItemProxy */;
			sourceTree = BUILT_PRODUCTS_DIR;
		};
/* End PBXReferenceProxy section */

/* Begin PBXResourcesBuildPhase section */
		1D60588D0D05DD3D006BFB54 /* Resources */ = {
			isa = PBXResourcesBuildPhase;
			buildActionMask = 2147483647;
			files = (
				F1297E7C1ADCB52F006028DA /* skeleton.json in Resources */,
				F1297E751ADCB52F006028DA /* jq.mp3 in Resources */,
				F1297E791ADCB52F006028DA /* touch1.mp3 in Resources */,
				5087E78117EB970100C73F5D /* Icon-120.png in Resources */,
				F1297E4F1ADCB52F006028DA /* boss1_daduan2.mp3 in Resources */,
				5087E78617EB970100C73F5D /* Icon-76.png in Resources */,
				F1297E6F1ADCB52F006028DA /* game_fail.mp3 in Resources */,
				5087E77F17EB970100C73F5D /* Default@2x.png in Resources */,
				F1297E6D1ADCB52F006028DA /* dyempty.mp3 in Resources */,
				50EF629917ECD46A001EB2F8 /* Icon-100.png in Resources */,
				5087E78317EB970100C73F5D /* Icon-152.png in Resources */,
				F1297E6E1ADCB52F006028DA /* fireball.mp3 in Resources */,
				F1297E781ADCB52F006028DA /* sq.mp3 in Resources */,
				F1297E561ADCB52F006028DA /* boss1_zhuazixl.mp3 in Resources */,
				5087E77D17EB970100C73F5D /* Default-568h@2x.png in Resources */,
				F1297E721ADCB52F006028DA /* hjt.mp3 in Resources */,
				F1297E701ADCB52F006028DA /* game_win.mp3 in Resources */,
				5087E78517EB970100C73F5D /* Icon-72.png in Resources */,
				F1297E671ADCB52F006028DA /* dj.mp3 in Resources */,
				521A8E6519F0C34300D177D7 /* Default-736h@3x.png in Resources */,
				F1297E511ADCB52F006028DA /* boss1_fs.mp3 in Resources */,
				F1297E5F1ADCB52F006028DA /* d_bz.mp3 in Resources */,
				F1297E661ADCB52F006028DA /* dao_2.mp3 in Resources */,
				F1297E5B1ADCB52F006028DA /* boss2_zhuazigj.mp3 in Resources */,
				F1297E4A1ADCB52F006028DA /* PIC_XX.png in Resources */,
				F1297E711ADCB52F006028DA /* gold.mp3 in Resources */,
				F1297E4D1ADCB52F006028DA /* bgm_3.mp3 in Resources */,
				F1297E741ADCB52F006028DA /* item.mp3 in Resources */,
				521A8EA919F11F5000D177D7 /* fonts in Resources */,
				F1297E101ADCB4EF006028DA /* resHD in Resources */,
				F1297E6B1ADCB52F006028DA /* door_2.mp3 in Resources */,
				50EF62A317ECD613001EB2F8 /* Icon-50.png in Resources */,
				F1297E6C1ADCB52F006028DA /* dybz.mp3 in Resources */,
				F1297E6A1ADCB52F006028DA /* door_1.mp3 in Resources */,
				F1297E4C1ADCB52F006028DA /* bgm_2.mp3 in Resources */,
				F1297E121ADCB4EF006028DA /* resIpadHD in Resources */,
				F1297E621ADCB52F006028DA /* d_hs.mp3 in Resources */,
				F1297E551ADCB52F006028DA /* boss1_zhuazigj.mp3 in Resources */,
				F1297E541ADCB52F006028DA /* boss1_xx.mp3 in Resources */,
				5087E78017EB970100C73F5D /* Icon-114.png in Resources */,
				F1297E731ADCB52F006028DA /* huoqiu.mp3 in Resources */,
				50EF62A217ECD613001EB2F8 /* Icon-29.png in Resources */,
				F1297E761ADCB52F006028DA /* reload.mp3 in Resources */,
				F1297E111ADCB4EF006028DA /* resIpad in Resources */,
				F1297E7E1ADCB52F006028DA /* steak.png in Resources */,
				F1297E7D1ADCB52F006028DA /* smallzombie.json in Resources */,
				F1297E641ADCB52F006028DA /* d_ng.mp3 in Resources */,
				F1297E771ADCB52F006028DA /* sdq.mp3 in Resources */,
				F1297E4B1ADCB52F006028DA /* bgm_1.mp3 in Resources */,
				F1297E591ADCB52F006028DA /* boss2_huo.mp3 in Resources */,
				F1297E5E1ADCB52F006028DA /* cg_gd2.mp3 in Resources */,
				50EF629617ECD46A001EB2F8 /* Icon-40.png in Resources */,
				F1297E7B1ADCB52F006028DA /* wpupgrade.mp3 in Resources */,
				F1297E571ADCB52F006028DA /* boss2_daduan.mp3 in Resources */,
				F1297E5D1ADCB52F006028DA /* cg_gd1.mp3 in Resources */,
				F1297E7A1ADCB52F006028DA /* uibgm.mp3 in Resources */,
				F1297E581ADCB52F006028DA /* boss2_dead.mp3 in Resources */,
				F1297E521ADCB52F006028DA /* boss1_fssw.mp3 in Resources */,
				F1297E501ADCB52F006028DA /* boss1_dead.mp3 in Resources */,
				F1297E4E1ADCB52F006028DA /* boss1_daduan1.mp3 in Resources */,
				5087E78217EB970100C73F5D /* Icon-144.png in Resources */,
				F1297E531ADCB52F006028DA /* boss1_sy.mp3 in Resources */,
				F1297E5C1ADCB52F006028DA /* button.mp3 in Resources */,
				3EACC98F19EE6D4300EB3C5E /* res in Resources */,
				F1297E681ADCB52F006028DA /* door0.mp3 in Resources */,
				F1297E601ADCB52F006028DA /* d_cg.mp3 in Resources */,
				F1297E631ADCB52F006028DA /* d_js.mp3 in Resources */,
				F1297E651ADCB52F006028DA /* dao_1.mp3 in Resources */,
				50EF629817ECD46A001EB2F8 /* Icon-80.png in Resources */,
				5087E78417EB970100C73F5D /* Icon-57.png in Resources */,
				F1297E691ADCB52F006028DA /* door1.mp3 in Resources */,
				5087E77E17EB970100C73F5D /* Default.png in Resources */,
				521A8E6419F0C34300D177D7 /* Default-667h@2x.png in Resources */,
				F1297E5A1ADCB52F006028DA /* boss2_xuli.mp3 in Resources */,
				F1297E611ADCB52F006028DA /* d_hq.mp3 in Resources */,
				50EF629717ECD46A001EB2F8 /* Icon-58.png in Resources */,
			);
			runOnlyForDeploymentPostprocessing = 0;
		};
		5087E74817EB910900C73F5D /* Resources */ = {
			isa = PBXResourcesBuildPhase;
			buildActionMask = 2147483647;
			files = (
				503AE0F817EB97AB00D1A890 /* Icon.icns in Resources */,
				3EACC99019EE6D4300EB3C5E /* res in Resources */,
				521A8EAA19F11F5000D177D7 /* fonts in Resources */,
			);
			runOnlyForDeploymentPostprocessing = 0;
		};
/* End PBXResourcesBuildPhase section */

/* Begin PBXSourcesBuildPhase section */
		1D60588E0D05DD3D006BFB54 /* Sources */ = {
			isa = PBXSourcesBuildPhase;
			buildActionMask = 2147483647;
			files = (
				F1297DC41ADCB2EF006028DA /* AttackState.cpp in Sources */,
				46880B8819C43A87006E1F66 /* AppDelegate.cpp in Sources */,
				F1297DCC1ADCB2EF006028DA /* LieDownState.cpp in Sources */,
				F1297DCD1ADCB2EF006028DA /* FlowState.cpp in Sources */,
				F1297DA41ADCB2E2006028DA /* Weapon.cpp in Sources */,
				F1297DDC1ADCB2FF006028DA /* Character.cpp in Sources */,
				F1297DA51ADCB2E2006028DA /* Pistol.cpp in Sources */,
				F1297DCB1ADCB2EF006028DA /* DieState.cpp in Sources */,
				F1297DDB1ADCB2FF006028DA /* BGTWall.cpp in Sources */,
				F1297E001ADCB37F006028DA /* Unit.cpp in Sources */,
				F1297E081ADCB3E9006028DA /* LoadScene.cpp in Sources */,
				F1297DC61ADCB2EF006028DA /* DizzyState.cpp in Sources */,
				F1297DED1ADCB370006028DA /* BGTWorld.cpp in Sources */,
				46880B8A19C43A87006E1F66 /* HelloWorldScene.cpp in Sources */,
				F1297DC71ADCB2EF006028DA /* InjureState.cpp in Sources */,
				503AE10017EB989F00D1A890 /* AppController.mm in Sources */,
				F1297DDA1ADCB2FF006028DA /* GameEntity.cpp in Sources */,
				F1297DC51ADCB2EF006028DA /* FallDownState.cpp in Sources */,
				503AE10217EB989F00D1A890 /* RootViewController.mm in Sources */,
				F1297E0A1ADCB3E9006028DA /* GameScene.cpp in Sources */,
				F1297DE51ADCB312006028DA /* UserData.cpp in Sources */,
				F1297DDD1ADCB2FF006028DA /* GameEntityManager.cpp in Sources */,
				F1297DC81ADCB2EF006028DA /* StandUpState.cpp in Sources */,
				F1297DFB1ADCB37F006028DA /* BGTTile.cpp in Sources */,
				F1297DDE1ADCB2FF006028DA /* MessageDispatcher.cpp in Sources */,
				F1297DFC1ADCB37F006028DA /* BGTMap.cpp in Sources */,
				F1297DC31ADCB2EF006028DA /* StandState.cpp in Sources */,
				F1297DE61ADCB312006028DA /* GameManager.cpp in Sources */,
				F1297DDF1ADCB2FF006028DA /* Enemy.cpp in Sources */,
				F1297DCA1ADCB2EF006028DA /* RollBackState.cpp in Sources */,
				F1297E091ADCB3E9006028DA /* MenuScene.cpp in Sources */,
				F1297DC91ADCB2EF006028DA /* StiffState.cpp in Sources */,
				F1297DFD1ADCB37F006028DA /* WaveManager.cpp in Sources */,
				F1297DC21ADCB2EF006028DA /* MoveState.cpp in Sources */,
				F1297DFE1ADCB37F006028DA /* Wave.cpp in Sources */,
				503AE10117EB989F00D1A890 /* main.m in Sources */,
				F1297DFF1ADCB37F006028DA /* Troop.cpp in Sources */,
				F1297DEC1ADCB370006028DA /* UILayer.cpp in Sources */,
				F1297DA61ADCB2E2006028DA /* Knife.cpp in Sources */,
			);
			runOnlyForDeploymentPostprocessing = 0;
		};
		5087E75617EB910900C73F5D /* Sources */ = {
			isa = PBXSourcesBuildPhase;
			buildActionMask = 2147483647;
			files = (
				46880B8919C43A87006E1F66 /* AppDelegate.cpp in Sources */,
				503AE10517EB98FF00D1A890 /* main.cpp in Sources */,
				46880B8B19C43A87006E1F66 /* HelloWorldScene.cpp in Sources */,
			);
			runOnlyForDeploymentPostprocessing = 0;
		};
/* End PBXSourcesBuildPhase section */

/* Begin PBXTargetDependency section */
		1AC6FB16180E9959004C840B /* PBXTargetDependency */ = {
			isa = PBXTargetDependency;
			name = "cocos2dx Mac";
			targetProxy = 1AC6FB15180E9959004C840B /* PBXContainerItemProxy */;
		};
		1AC6FB25180E99E1004C840B /* PBXTargetDependency */ = {
			isa = PBXTargetDependency;
			name = "cocos2dx iOS";
			targetProxy = 1AC6FB24180E99E1004C840B /* PBXContainerItemProxy */;
		};
/* End PBXTargetDependency section */

/* Begin XCBuildConfiguration section */
		1D6058940D05DD3E006BFB54 /* Debug */ = {
			isa = XCBuildConfiguration;
			buildSettings = {
				ALWAYS_SEARCH_USER_PATHS = YES;
				CODE_SIGN_IDENTITY = "iPhone Developer: JINLIN CAI (ZT7DRA7RHR)";
				COMPRESS_PNG_FILES = NO;
				GCC_DYNAMIC_NO_PIC = NO;
				GCC_INLINES_ARE_PRIVATE_EXTERN = NO;
				GCC_PRECOMPILE_PREFIX_HEADER = YES;
				GCC_PREFIX_HEADER = ios/Prefix.pch;
				GCC_PREPROCESSOR_DEFINITIONS = (
					USE_FILE32API,
					CC_TARGET_OS_IPHONE,
					"COCOS2D_DEBUG=1",
					"CC_ENABLE_CHIPMUNK_INTEGRATION=1",
				);
				GCC_SYMBOLS_PRIVATE_EXTERN = NO;
				HEADER_SEARCH_PATHS = (
					"$(inherited)",
					"$(SRCROOT)/../cocos2d/cocos/platform/ios",
					"$(SRCROOT)/../cocos2d/cocos/platform/ios/Simulation",
				);
				INFOPLIST_FILE = ios/Info.plist;
				IPHONEOS_DEPLOYMENT_TARGET = 5.0;
				LIBRARY_SEARCH_PATHS = "";
				OTHER_LDFLAGS = (
					"$(_COCOS_LIB_IOS_BEGIN)",
					"$(_COCOS_LIB_IOS_END)",
				);
				PROVISIONING_PROFILE = "3647dab9-8c61-49f3-baaf-429dce583070";
				SDKROOT = iphoneos;
				TARGETED_DEVICE_FAMILY = "1,2";
				USER_HEADER_SEARCH_PATHS = "$(_COCOS_HEADER_IOS_BEGIN) $(_COCOS_HEADER_IOS_END)";
				VALID_ARCHS = "arm64 armv7";
			};
			name = Debug;
		};
		1D6058950D05DD3E006BFB54 /* Release */ = {
			isa = XCBuildConfiguration;
			buildSettings = {
				ALWAYS_SEARCH_USER_PATHS = YES;
				CODE_SIGN_IDENTITY = "iPhone Developer: JINLIN CAI (ZT7DRA7RHR)";
				COMPRESS_PNG_FILES = NO;
				GCC_INLINES_ARE_PRIVATE_EXTERN = NO;
				GCC_PRECOMPILE_PREFIX_HEADER = YES;
				GCC_PREFIX_HEADER = ios/Prefix.pch;
				GCC_PREPROCESSOR_DEFINITIONS = (
					USE_FILE32API,
					CC_TARGET_OS_IPHONE,
					"CC_ENABLE_CHIPMUNK_INTEGRATION=1",
				);
				GCC_SYMBOLS_PRIVATE_EXTERN = NO;
				HEADER_SEARCH_PATHS = (
					"$(inherited)",
					"$(SRCROOT)/../cocos2d/cocos/platform/ios",
					"$(SRCROOT)/../cocos2d/cocos/platform/ios/Simulation",
				);
				INFOPLIST_FILE = ios/Info.plist;
				IPHONEOS_DEPLOYMENT_TARGET = 5.0;
				LIBRARY_SEARCH_PATHS = "";
				OTHER_LDFLAGS = (
					"$(_COCOS_LIB_IOS_BEGIN)",
					"$(_COCOS_LIB_IOS_END)",
				);
				PROVISIONING_PROFILE = "3647dab9-8c61-49f3-baaf-429dce583070";
				SDKROOT = iphoneos;
				TARGETED_DEVICE_FAMILY = "1,2";
				USER_HEADER_SEARCH_PATHS = "$(_COCOS_HEADER_IOS_BEGIN) $(_COCOS_HEADER_IOS_END)";
				VALID_ARCHS = "arm64 armv7";
			};
			name = Release;
		};
		5087E76D17EB910900C73F5D /* Debug */ = {
			isa = XCBuildConfiguration;
			buildSettings = {
				ALWAYS_SEARCH_USER_PATHS = YES;
				ARCHS = "$(ARCHS_STANDARD_64_BIT)";
				CLANG_CXX_LANGUAGE_STANDARD = "c++0x";
				CLANG_CXX_LIBRARY = "libc++";
				GCC_DYNAMIC_NO_PIC = NO;
				GCC_INLINES_ARE_PRIVATE_EXTERN = NO;
				GCC_PRECOMPILE_PREFIX_HEADER = YES;
				GCC_PREFIX_HEADER = mac/Prefix.pch;
				GCC_PREPROCESSOR_DEFINITIONS = (
					USE_FILE32API,
					CC_TARGET_OS_MAC,
					"COCOS2D_DEBUG=1",
					"CC_ENABLE_CHIPMUNK_INTEGRATION=1",
				);
				GCC_SYMBOLS_PRIVATE_EXTERN = NO;
				HEADER_SEARCH_PATHS = (
					"$(inherited)",
					"$(SRCROOT)/../cocos2d/cocos/platform/mac",
					"$(SRCROOT)/../cocos2d/external/glfw3/include/mac",
				);
				INFOPLIST_FILE = mac/Info.plist;
				LIBRARY_SEARCH_PATHS = "";
				OTHER_LDFLAGS = (
					"$(_COCOS_LIB_MAC_BEGIN)",
					"$(_COCOS_LIB_MAC_END)",
				);
				USER_HEADER_SEARCH_PATHS = "$(_COCOS_HEADER_MAC_BEGIN) $(_COCOS_HEADER_MAC_END)";
			};
			name = Debug;
		};
		5087E76E17EB910900C73F5D /* Release */ = {
			isa = XCBuildConfiguration;
			buildSettings = {
				ALWAYS_SEARCH_USER_PATHS = YES;
				ARCHS = "$(ARCHS_STANDARD_64_BIT)";
				CLANG_CXX_LANGUAGE_STANDARD = "c++0x";
				CLANG_CXX_LIBRARY = "libc++";
				GCC_INLINES_ARE_PRIVATE_EXTERN = NO;
				GCC_PRECOMPILE_PREFIX_HEADER = YES;
				GCC_PREFIX_HEADER = mac/Prefix.pch;
				GCC_PREPROCESSOR_DEFINITIONS = (
					USE_FILE32API,
					CC_TARGET_OS_MAC,
					"CC_ENABLE_CHIPMUNK_INTEGRATION=1",
				);
				GCC_SYMBOLS_PRIVATE_EXTERN = NO;
				HEADER_SEARCH_PATHS = (
					"$(inherited)",
					"$(SRCROOT)/../cocos2d/cocos/platform/mac",
					"$(SRCROOT)/../cocos2d/external/glfw3/include/mac",
				);
				INFOPLIST_FILE = mac/Info.plist;
				LIBRARY_SEARCH_PATHS = "";
				OTHER_LDFLAGS = (
					"$(_COCOS_LIB_MAC_BEGIN)",
					"$(_COCOS_LIB_MAC_END)",
				);
				USER_HEADER_SEARCH_PATHS = "$(_COCOS_HEADER_MAC_BEGIN) $(_COCOS_HEADER_MAC_END)";
			};
			name = Release;
		};
		C01FCF4F08A954540054247B /* Debug */ = {
			isa = XCBuildConfiguration;
			buildSettings = {
				CLANG_CXX_LANGUAGE_STANDARD = "c++0x";
				CLANG_CXX_LIBRARY = "libc++";
				COPY_PHASE_STRIP = NO;
				GCC_OPTIMIZATION_LEVEL = 0;
				GCC_WARN_ABOUT_RETURN_TYPE = YES;
				GCC_WARN_UNUSED_VARIABLE = YES;
				HEADER_SEARCH_PATHS = (
					"$(SRCROOT)/../cocos2d",
					"$(SRCROOT)/../cocos2d/cocos",
					"$(SRCROOT)/../cocos2d/cocos/base",
					"$(SRCROOT)/../cocos2d/cocos/physics",
					"$(SRCROOT)/../cocos2d/cocos/math",
					"$(SRCROOT)/../cocos2d/cocos/2d",
					"$(SRCROOT)/../cocos2d/cocos/ui",
					"$(SRCROOT)/../cocos2d/cocos/network",
					"$(SRCROOT)/../cocos2d/cocos/audio/include",
					"$(SRCROOT)/../cocos2d/cocos/editor-support",
					"$(SRCROOT)/../cocos2d/extensions",
					"$(SRCROOT)/../cocos2d/external",
					"$(SRCROOT)/../cocos2d/external/chipmunk/include/chipmunk",
				);
				MACOSX_DEPLOYMENT_TARGET = 10.7;
				ONLY_ACTIVE_ARCH = YES;
				PRODUCT_NAME = "$(TARGET_NAME)";
				SDKROOT = macosx;
			};
			name = Debug;
		};
		C01FCF5008A954540054247B /* Release */ = {
			isa = XCBuildConfiguration;
			buildSettings = {
				CLANG_CXX_LANGUAGE_STANDARD = "c++0x";
				CLANG_CXX_LIBRARY = "libc++";
				GCC_WARN_ABOUT_RETURN_TYPE = YES;
				GCC_WARN_UNUSED_VARIABLE = YES;
				HEADER_SEARCH_PATHS = (
					"$(SRCROOT)/../cocos2d",
					"$(SRCROOT)/../cocos2d/cocos",
					"$(SRCROOT)/../cocos2d/cocos/base",
					"$(SRCROOT)/../cocos2d/cocos/physics",
					"$(SRCROOT)/../cocos2d/cocos/math",
					"$(SRCROOT)/../cocos2d/cocos/2d",
					"$(SRCROOT)/../cocos2d/cocos/ui",
					"$(SRCROOT)/../cocos2d/cocos/network",
					"$(SRCROOT)/../cocos2d/cocos/audio/include",
					"$(SRCROOT)/../cocos2d/cocos/editor-support",
					"$(SRCROOT)/../cocos2d/extensions",
					"$(SRCROOT)/../cocos2d/external",
					"$(SRCROOT)/../cocos2d/external/chipmunk/include/chipmunk",
				);
				MACOSX_DEPLOYMENT_TARGET = 10.7;
				OTHER_CFLAGS = "-DNS_BLOCK_ASSERTIONS=1";
				PRODUCT_NAME = "$(TARGET_NAME)";
				SDKROOT = macosx;
				VALIDATE_PRODUCT = YES;
			};
			name = Release;
		};
/* End XCBuildConfiguration section */

/* Begin XCConfigurationList section */
		1D6058960D05DD3E006BFB54 /* Build configuration list for PBXNativeTarget "Monster iOS" */ = {
			isa = XCConfigurationList;
			buildConfigurations = (
				1D6058940D05DD3E006BFB54 /* Debug */,
				1D6058950D05DD3E006BFB54 /* Release */,
			);
			defaultConfigurationIsVisible = 0;
			defaultConfigurationName = Debug;
		};
		5087E76C17EB910900C73F5D /* Build configuration list for PBXNativeTarget "Monster Mac" */ = {
			isa = XCConfigurationList;
			buildConfigurations = (
				5087E76D17EB910900C73F5D /* Debug */,
				5087E76E17EB910900C73F5D /* Release */,
			);
			defaultConfigurationIsVisible = 0;
			defaultConfigurationName = Debug;
		};
		C01FCF4E08A954540054247B /* Build configuration list for PBXProject "Monster" */ = {
			isa = XCConfigurationList;
			buildConfigurations = (
				C01FCF4F08A954540054247B /* Debug */,
				C01FCF5008A954540054247B /* Release */,
			);
			defaultConfigurationIsVisible = 0;
			defaultConfigurationName = Debug;
		};
/* End XCConfigurationList section */
	};
	rootObject = 29B97313FDCFA39411CA2CEA /* Project object */;
}
